// !$*UTF8*$!
{
	archiveVersion = 1;
	classes = {
	};
	objectVersion = 55;
	objects = {

/* Begin PBXBuildFile section */
		2C08C9CA28B7C0B9001B8EE5 /* AddBookViewModel.swift in Sources */ = {isa = PBXBuildFile; fileRef = 2C08C9C928B7C0B9001B8EE5 /* AddBookViewModel.swift */; };
		2C09489D28B7FBE900965C52 /* ImageWatermark.swift in Sources */ = {isa = PBXBuildFile; fileRef = 2C09489C28B7FBE900965C52 /* ImageWatermark.swift */; };
		2C2C6C7F28B6FADB00965651 /* Symbols.swift in Sources */ = {isa = PBXBuildFile; fileRef = 2C2C6C7E28B6FADB00965651 /* Symbols.swift */; };
		2C2C6C8128B6FBA300965651 /* HomeViewModel.swift in Sources */ = {isa = PBXBuildFile; fileRef = 2C2C6C8028B6FBA300965651 /* HomeViewModel.swift */; };
		2C5D5BF128B902C700EFA9B9 /* HapticManager.swift in Sources */ = {isa = PBXBuildFile; fileRef = 2C5D5BF028B902C700EFA9B9 /* HapticManager.swift */; };
		2C5D5BF528B9031C00EFA9B9 /* UserDefaultsKey.swift in Sources */ = {isa = PBXBuildFile; fileRef = 2C5D5BF428B9031C00EFA9B9 /* UserDefaultsKey.swift */; };
		2C5D5BF828B9039B00EFA9B9 /* SchemeModifier.swift in Sources */ = {isa = PBXBuildFile; fileRef = 2C5D5BF728B9039B00EFA9B9 /* SchemeModifier.swift */; };
		2C5D5BFA28B903C700EFA9B9 /* SchemeType.swift in Sources */ = {isa = PBXBuildFile; fileRef = 2C5D5BF928B903C700EFA9B9 /* SchemeType.swift */; };
		2C5D5BFD28B9043E00EFA9B9 /* View+Ext.swift in Sources */ = {isa = PBXBuildFile; fileRef = 2C5D5BFC28B9043E00EFA9B9 /* View+Ext.swift */; };
		2C7373F628B1170600C31BFF /* BookwormApp.swift in Sources */ = {isa = PBXBuildFile; fileRef = 2C7373F528B1170600C31BFF /* BookwormApp.swift */; };
		2C7373F828B1170600C31BFF /* HomeView.swift in Sources */ = {isa = PBXBuildFile; fileRef = 2C7373F728B1170600C31BFF /* HomeView.swift */; };
		2C7373FA28B1170700C31BFF /* Assets.xcassets in Resources */ = {isa = PBXBuildFile; fileRef = 2C7373F928B1170700C31BFF /* Assets.xcassets */; };
		2C7373FD28B1170700C31BFF /* Preview Assets.xcassets in Resources */ = {isa = PBXBuildFile; fileRef = 2C7373FC28B1170700C31BFF /* Preview Assets.xcassets */; };
		2C7B0EF428B8F3D300436538 /* Constants.swift in Sources */ = {isa = PBXBuildFile; fileRef = 2C7B0EF328B8F3D300436538 /* Constants.swift */; };
		2C902B6328B3D162000F95A2 /* Bookworm.xcdatamodeld in Sources */ = {isa = PBXBuildFile; fileRef = 2C902B6128B3D162000F95A2 /* Bookworm.xcdatamodeld */; };
		2C902B6528B3D1B2000F95A2 /* StorageProvider.swift in Sources */ = {isa = PBXBuildFile; fileRef = 2C902B6428B3D1B2000F95A2 /* StorageProvider.swift */; };
		2C902B6728B3F347000F95A2 /* AddBookView.swift in Sources */ = {isa = PBXBuildFile; fileRef = 2C902B6628B3F347000F95A2 /* AddBookView.swift */; };
		2C902B6928B40971000F95A2 /* RatingView.swift in Sources */ = {isa = PBXBuildFile; fileRef = 2C902B6828B40971000F95A2 /* RatingView.swift */; };
		2C902B6B28B40AB4000F95A2 /* EmojiRatingView.swift in Sources */ = {isa = PBXBuildFile; fileRef = 2C902B6A28B40AB4000F95A2 /* EmojiRatingView.swift */; };
		2C902B6D28B40BE4000F95A2 /* DetailView.swift in Sources */ = {isa = PBXBuildFile; fileRef = 2C902B6C28B40BE4000F95A2 /* DetailView.swift */; };
		2C9C4CB628B8578900B73EA0 /* DetailView.ViewMode.swift in Sources */ = {isa = PBXBuildFile; fileRef = 2C9C4CB528B8578900B73EA0 /* DetailView.ViewMode.swift */; };
		2CB3658528B7CCAD004FA30E /* DetailViewModel.swift in Sources */ = {isa = PBXBuildFile; fileRef = 2CB3658428B7CCAD004FA30E /* DetailViewModel.swift */; };
		2CC37E0628B8640000BEEAEA /* DetailView.EditMode.swift in Sources */ = {isa = PBXBuildFile; fileRef = 2CC37E0528B8640000BEEAEA /* DetailView.EditMode.swift */; };
		2CDAC57D28B7F84F00C83F51 /* HomeListCell.swift in Sources */ = {isa = PBXBuildFile; fileRef = 2CDAC57C28B7F84F00C83F51 /* HomeListCell.swift */; };
/* End PBXBuildFile section */

/* Begin PBXFileReference section */
		2C08C9C928B7C0B9001B8EE5 /* AddBookViewModel.swift */ = {isa = PBXFileReference; lastKnownFileType = sourcecode.swift; path = AddBookViewModel.swift; sourceTree = "<group>"; };
		2C09489C28B7FBE900965C52 /* ImageWatermark.swift */ = {isa = PBXFileReference; lastKnownFileType = sourcecode.swift; path = ImageWatermark.swift; sourceTree = "<group>"; };
		2C2C6C7E28B6FADB00965651 /* Symbols.swift */ = {isa = PBXFileReference; lastKnownFileType = sourcecode.swift; path = Symbols.swift; sourceTree = "<group>"; };
		2C2C6C8028B6FBA300965651 /* HomeViewModel.swift */ = {isa = PBXFileReference; lastKnownFileType = sourcecode.swift; path = HomeViewModel.swift; sourceTree = "<group>"; };
		2C5D5BF028B902C700EFA9B9 /* HapticManager.swift */ = {isa = PBXFileReference; lastKnownFileType = sourcecode.swift; path = HapticManager.swift; sourceTree = "<group>"; };
		2C5D5BF428B9031C00EFA9B9 /* UserDefaultsKey.swift */ = {isa = PBXFileReference; lastKnownFileType = sourcecode.swift; path = UserDefaultsKey.swift; sourceTree = "<group>"; };
		2C5D5BF728B9039B00EFA9B9 /* SchemeModifier.swift */ = {isa = PBXFileReference; lastKnownFileType = sourcecode.swift; path = SchemeModifier.swift; sourceTree = "<group>"; };
		2C5D5BF928B903C700EFA9B9 /* SchemeType.swift */ = {isa = PBXFileReference; lastKnownFileType = sourcecode.swift; path = SchemeType.swift; sourceTree = "<group>"; };
		2C5D5BFC28B9043E00EFA9B9 /* View+Ext.swift */ = {isa = PBXFileReference; lastKnownFileType = sourcecode.swift; path = "View+Ext.swift"; sourceTree = "<group>"; };
		2C7373F228B1170600C31BFF /* Bookworm.app */ = {isa = PBXFileReference; explicitFileType = wrapper.application; includeInIndex = 0; path = Bookworm.app; sourceTree = BUILT_PRODUCTS_DIR; };
		2C7373F528B1170600C31BFF /* BookwormApp.swift */ = {isa = PBXFileReference; lastKnownFileType = sourcecode.swift; path = BookwormApp.swift; sourceTree = "<group>"; };
		2C7373F728B1170600C31BFF /* HomeView.swift */ = {isa = PBXFileReference; lastKnownFileType = sourcecode.swift; path = HomeView.swift; sourceTree = "<group>"; };
		2C7373F928B1170700C31BFF /* Assets.xcassets */ = {isa = PBXFileReference; lastKnownFileType = folder.assetcatalog; path = Assets.xcassets; sourceTree = "<group>"; };
		2C7373FC28B1170700C31BFF /* Preview Assets.xcassets */ = {isa = PBXFileReference; lastKnownFileType = folder.assetcatalog; path = "Preview Assets.xcassets"; sourceTree = "<group>"; };
		2C7B0EF328B8F3D300436538 /* Constants.swift */ = {isa = PBXFileReference; lastKnownFileType = sourcecode.swift; path = Constants.swift; sourceTree = "<group>"; };
		2C902B6228B3D162000F95A2 /* Bookworm.xcdatamodel */ = {isa = PBXFileReference; lastKnownFileType = wrapper.xcdatamodel; path = Bookworm.xcdatamodel; sourceTree = "<group>"; };
		2C902B6428B3D1B2000F95A2 /* StorageProvider.swift */ = {isa = PBXFileReference; lastKnownFileType = sourcecode.swift; path = StorageProvider.swift; sourceTree = "<group>"; };
		2C902B6628B3F347000F95A2 /* AddBookView.swift */ = {isa = PBXFileReference; lastKnownFileType = sourcecode.swift; path = AddBookView.swift; sourceTree = "<group>"; };
		2C902B6828B40971000F95A2 /* RatingView.swift */ = {isa = PBXFileReference; lastKnownFileType = sourcecode.swift; path = RatingView.swift; sourceTree = "<group>"; };
		2C902B6A28B40AB4000F95A2 /* EmojiRatingView.swift */ = {isa = PBXFileReference; lastKnownFileType = sourcecode.swift; path = EmojiRatingView.swift; sourceTree = "<group>"; };
		2C902B6C28B40BE4000F95A2 /* DetailView.swift */ = {isa = PBXFileReference; lastKnownFileType = sourcecode.swift; path = DetailView.swift; sourceTree = "<group>"; };
		2C9C4CB528B8578900B73EA0 /* DetailView.ViewMode.swift */ = {isa = PBXFileReference; lastKnownFileType = sourcecode.swift; path = DetailView.ViewMode.swift; sourceTree = "<group>"; };
		2CB3658428B7CCAD004FA30E /* DetailViewModel.swift */ = {isa = PBXFileReference; lastKnownFileType = sourcecode.swift; path = DetailViewModel.swift; sourceTree = "<group>"; };
		2CC37E0528B8640000BEEAEA /* DetailView.EditMode.swift */ = {isa = PBXFileReference; lastKnownFileType = sourcecode.swift; path = DetailView.EditMode.swift; sourceTree = "<group>"; };
		2CDAC57C28B7F84F00C83F51 /* HomeListCell.swift */ = {isa = PBXFileReference; lastKnownFileType = sourcecode.swift; path = HomeListCell.swift; sourceTree = "<group>"; };
/* End PBXFileReference section */

/* Begin PBXFrameworksBuildPhase section */
		2C7373EF28B1170600C31BFF /* Frameworks */ = {
			isa = PBXFrameworksBuildPhase;
			buildActionMask = 2147483647;
			files = (
			);
			runOnlyForDeploymentPostprocessing = 0;
		};
/* End PBXFrameworksBuildPhase section */

/* Begin PBXGroup section */
		2C2C6C7A28B6F68C00965651 /* Add Book */ = {
			isa = PBXGroup;
			children = (
				2C902B6628B3F347000F95A2 /* AddBookView.swift */,
				2C08C9C928B7C0B9001B8EE5 /* AddBookViewModel.swift */,
			);
			path = "Add Book";
			sourceTree = "<group>";
		};
		2C2C6C7B28B6FA1F00965651 /* Detail View */ = {
			isa = PBXGroup;
			children = (
				2C902B6C28B40BE4000F95A2 /* DetailView.swift */,
				2CB3658428B7CCAD004FA30E /* DetailViewModel.swift */,
				2C09489C28B7FBE900965C52 /* ImageWatermark.swift */,
				2C9C4CB728B8579100B73EA0 /* View Mode */,
				2CC37E0728B8640500BEEAEA /* Edit Mode */,
			);
			path = "Detail View";
			sourceTree = "<group>";
		};
		2C2C6C7C28B6FA6F00965651 /* Others */ = {
			isa = PBXGroup;
			children = (
				2C902B6828B40971000F95A2 /* RatingView.swift */,
			);
			path = Others;
			sourceTree = "<group>";
		};
		2C2C6C7D28B6FACB00965651 /* Utils */ = {
			isa = PBXGroup;
			children = (
				2C5D5BFB28B903DE00EFA9B9 /* Color Schemes */,
				2C5D5BF328B902D200EFA9B9 /* Haptics */,
				2C5D5BF628B9033100EFA9B9 /* UserDefaults */,
				2C2C6C7E28B6FADB00965651 /* Symbols.swift */,
				2C7B0EF328B8F3D300436538 /* Constants.swift */,
				2C5D5BFC28B9043E00EFA9B9 /* View+Ext.swift */,
			);
			path = Utils;
			sourceTree = "<group>";
		};
		2C37C05928B6DE350086F419 /* Home View */ = {
			isa = PBXGroup;
			children = (
				2C7373F728B1170600C31BFF /* HomeView.swift */,
				2C2C6C8028B6FBA300965651 /* HomeViewModel.swift */,
				2CDAC57E28B7F94100C83F51 /* List Cell */,
			);
			path = "Home View";
			sourceTree = "<group>";
		};
		2C5D5BF328B902D200EFA9B9 /* Haptics */ = {
			isa = PBXGroup;
			children = (
				2C5D5BF028B902C700EFA9B9 /* HapticManager.swift */,
			);
			path = Haptics;
			sourceTree = "<group>";
		};
		2C5D5BF628B9033100EFA9B9 /* UserDefaults */ = {
			isa = PBXGroup;
			children = (
				2C5D5BF428B9031C00EFA9B9 /* UserDefaultsKey.swift */,
			);
			path = UserDefaults;
			sourceTree = "<group>";
		};
		2C5D5BFB28B903DE00EFA9B9 /* Color Schemes */ = {
			isa = PBXGroup;
			children = (
				2C5D5BF728B9039B00EFA9B9 /* SchemeModifier.swift */,
				2C5D5BF928B903C700EFA9B9 /* SchemeType.swift */,
			);
			path = "Color Schemes";
			sourceTree = "<group>";
		};
		2C7373E928B1170600C31BFF = {
			isa = PBXGroup;
			children = (
				2C7373F428B1170600C31BFF /* Bookworm */,
				2C7373F328B1170600C31BFF /* Products */,
			);
			sourceTree = "<group>";
		};
		2C7373F328B1170600C31BFF /* Products */ = {
			isa = PBXGroup;
			children = (
				2C7373F228B1170600C31BFF /* Bookworm.app */,
			);
			name = Products;
			sourceTree = "<group>";
		};
		2C7373F428B1170600C31BFF /* Bookworm */ = {
			isa = PBXGroup;
			children = (
				2C7373F528B1170600C31BFF /* BookwormApp.swift */,
				2CB841C028B45DC40040FE9F /* Persistence */,
				2CB841BF28B45DB90040FE9F /* Models */,
				2CB841BE28B45DB10040FE9F /* Views */,
				2C2C6C7D28B6FACB00965651 /* Utils */,
				2C7373F928B1170700C31BFF /* Assets.xcassets */,
				2C7373FB28B1170700C31BFF /* Preview Content */,
			);
			path = Bookworm;
			sourceTree = "<group>";
		};
		2C7373FB28B1170700C31BFF /* Preview Content */ = {
			isa = PBXGroup;
			children = (
				2C7373FC28B1170700C31BFF /* Preview Assets.xcassets */,
			);
			path = "Preview Content";
			sourceTree = "<group>";
		};
		2C9C4CB728B8579100B73EA0 /* View Mode */ = {
			isa = PBXGroup;
			children = (
				2C9C4CB528B8578900B73EA0 /* DetailView.ViewMode.swift */,
			);
			path = "View Mode";
			sourceTree = "<group>";
		};
		2CB841BE28B45DB10040FE9F /* Views */ = {
			isa = PBXGroup;
			children = (
				2C37C05928B6DE350086F419 /* Home View */,
				2C2C6C7A28B6F68C00965651 /* Add Book */,
				2C2C6C7B28B6FA1F00965651 /* Detail View */,
				2C2C6C7C28B6FA6F00965651 /* Others */,
			);
			path = Views;
			sourceTree = "<group>";
		};
		2CB841BF28B45DB90040FE9F /* Models */ = {
			isa = PBXGroup;
			children = (
				2C902B6128B3D162000F95A2 /* Bookworm.xcdatamodeld */,
			);
			path = Models;
			sourceTree = "<group>";
		};
		2CB841C028B45DC40040FE9F /* Persistence */ = {
			isa = PBXGroup;
			children = (
				2C902B6428B3D1B2000F95A2 /* StorageProvider.swift */,
			);
			path = Persistence;
			sourceTree = "<group>";
		};
		2CC37E0728B8640500BEEAEA /* Edit Mode */ = {
			isa = PBXGroup;
			children = (
				2CC37E0528B8640000BEEAEA /* DetailView.EditMode.swift */,
			);
			path = "Edit Mode";
			sourceTree = "<group>";
		};
		2CDAC57E28B7F94100C83F51 /* List Cell */ = {
			isa = PBXGroup;
			children = (
				2CDAC57C28B7F84F00C83F51 /* HomeListCell.swift */,
				2C902B6A28B40AB4000F95A2 /* EmojiRatingView.swift */,
			);
			path = "List Cell";
			sourceTree = "<group>";
		};
/* End PBXGroup section */

/* Begin PBXNativeTarget section */
		2C7373F128B1170600C31BFF /* Bookworm */ = {
			isa = PBXNativeTarget;
			buildConfigurationList = 2C73740028B1170700C31BFF /* Build configuration list for PBXNativeTarget "Bookworm" */;
			buildPhases = (
				2C7373EE28B1170600C31BFF /* Sources */,
				2C7373EF28B1170600C31BFF /* Frameworks */,
				2C7373F028B1170600C31BFF /* Resources */,
			);
			buildRules = (
			);
			dependencies = (
			);
			name = Bookworm;
			productName = Bookworm;
			productReference = 2C7373F228B1170600C31BFF /* Bookworm.app */;
			productType = "com.apple.product-type.application";
		};
/* End PBXNativeTarget section */

/* Begin PBXProject section */
		2C7373EA28B1170600C31BFF /* Project object */ = {
			isa = PBXProject;
			attributes = {
				BuildIndependentTargetsInParallel = 1;
				LastSwiftUpdateCheck = 1340;
				LastUpgradeCheck = 1340;
				TargetAttributes = {
					2C7373F128B1170600C31BFF = {
						CreatedOnToolsVersion = 13.4.1;
					};
				};
			};
			buildConfigurationList = 2C7373ED28B1170600C31BFF /* Build configuration list for PBXProject "Bookworm" */;
			compatibilityVersion = "Xcode 13.0";
			developmentRegion = en;
			hasScannedForEncodings = 0;
			knownRegions = (
				en,
				Base,
			);
			mainGroup = 2C7373E928B1170600C31BFF;
			productRefGroup = 2C7373F328B1170600C31BFF /* Products */;
			projectDirPath = "";
			projectRoot = "";
			targets = (
				2C7373F128B1170600C31BFF /* Bookworm */,
			);
		};
/* End PBXProject section */

/* Begin PBXResourcesBuildPhase section */
		2C7373F028B1170600C31BFF /* Resources */ = {
			isa = PBXResourcesBuildPhase;
			buildActionMask = 2147483647;
			files = (
				2C7373FD28B1170700C31BFF /* Preview Assets.xcassets in Resources */,
				2C7373FA28B1170700C31BFF /* Assets.xcassets in Resources */,
			);
			runOnlyForDeploymentPostprocessing = 0;
		};
/* End PBXResourcesBuildPhase section */

/* Begin PBXSourcesBuildPhase section */
		2C7373EE28B1170600C31BFF /* Sources */ = {
			isa = PBXSourcesBuildPhase;
			buildActionMask = 2147483647;
			files = (
				2C2C6C7F28B6FADB00965651 /* Symbols.swift in Sources */,
				2C7B0EF428B8F3D300436538 /* Constants.swift in Sources */,
				2C902B6528B3D1B2000F95A2 /* StorageProvider.swift in Sources */,
				2C902B6D28B40BE4000F95A2 /* DetailView.swift in Sources */,
				2C2C6C8128B6FBA300965651 /* HomeViewModel.swift in Sources */,
				2C902B6728B3F347000F95A2 /* AddBookView.swift in Sources */,
				2CDAC57D28B7F84F00C83F51 /* HomeListCell.swift in Sources */,
				2C5D5BF828B9039B00EFA9B9 /* SchemeModifier.swift in Sources */,
				2C09489D28B7FBE900965C52 /* ImageWatermark.swift in Sources */,
				2C08C9CA28B7C0B9001B8EE5 /* AddBookViewModel.swift in Sources */,
				2C7373F828B1170600C31BFF /* HomeView.swift in Sources */,
				2CB3658528B7CCAD004FA30E /* DetailViewModel.swift in Sources */,
				2C5D5BFA28B903C700EFA9B9 /* SchemeType.swift in Sources */,
				2C902B6328B3D162000F95A2 /* Bookworm.xcdatamodeld in Sources */,
				2CC37E0628B8640000BEEAEA /* DetailView.EditMode.swift in Sources */,
				2C9C4CB628B8578900B73EA0 /* DetailView.ViewMode.swift in Sources */,
				2C902B6B28B40AB4000F95A2 /* EmojiRatingView.swift in Sources */,
				2C7373F628B1170600C31BFF /* BookwormApp.swift in Sources */,
				2C5D5BFD28B9043E00EFA9B9 /* View+Ext.swift in Sources */,
				2C5D5BF128B902C700EFA9B9 /* HapticManager.swift in Sources */,
				2C902B6928B40971000F95A2 /* RatingView.swift in Sources */,
				2C5D5BF528B9031C00EFA9B9 /* UserDefaultsKey.swift in Sources */,
			);
			runOnlyForDeploymentPostprocessing = 0;
		};
/* End PBXSourcesBuildPhase section */

/* Begin XCBuildConfiguration section */
		2C7373FE28B1170700C31BFF /* Debug */ = {
			isa = XCBuildConfiguration;
			buildSettings = {
				ALWAYS_SEARCH_USER_PATHS = NO;
				CLANG_ANALYZER_NONNULL = YES;
				CLANG_ANALYZER_NUMBER_OBJECT_CONVERSION = YES_AGGRESSIVE;
				CLANG_CXX_LANGUAGE_STANDARD = "gnu++17";
				CLANG_ENABLE_MODULES = YES;
				CLANG_ENABLE_OBJC_ARC = YES;
				CLANG_ENABLE_OBJC_WEAK = YES;
				CLANG_WARN_BLOCK_CAPTURE_AUTORELEASING = YES;
				CLANG_WARN_BOOL_CONVERSION = YES;
				CLANG_WARN_COMMA = YES;
				CLANG_WARN_CONSTANT_CONVERSION = YES;
				CLANG_WARN_DEPRECATED_OBJC_IMPLEMENTATIONS = YES;
				CLANG_WARN_DIRECT_OBJC_ISA_USAGE = YES_ERROR;
				CLANG_WARN_DOCUMENTATION_COMMENTS = YES;
				CLANG_WARN_EMPTY_BODY = YES;
				CLANG_WARN_ENUM_CONVERSION = YES;
				CLANG_WARN_INFINITE_RECURSION = YES;
				CLANG_WARN_INT_CONVERSION = YES;
				CLANG_WARN_NON_LITERAL_NULL_CONVERSION = YES;
				CLANG_WARN_OBJC_IMPLICIT_RETAIN_SELF = YES;
				CLANG_WARN_OBJC_LITERAL_CONVERSION = YES;
				CLANG_WARN_OBJC_ROOT_CLASS = YES_ERROR;
				CLANG_WARN_QUOTED_INCLUDE_IN_FRAMEWORK_HEADER = YES;
				CLANG_WARN_RANGE_LOOP_ANALYSIS = YES;
				CLANG_WARN_STRICT_PROTOTYPES = YES;
				CLANG_WARN_SUSPICIOUS_MOVE = YES;
				CLANG_WARN_UNGUARDED_AVAILABILITY = YES_AGGRESSIVE;
				CLANG_WARN_UNREACHABLE_CODE = YES;
				CLANG_WARN__DUPLICATE_METHOD_MATCH = YES;
				COPY_PHASE_STRIP = NO;
				DEBUG_INFORMATION_FORMAT = dwarf;
				ENABLE_STRICT_OBJC_MSGSEND = YES;
				ENABLE_TESTABILITY = YES;
				GCC_C_LANGUAGE_STANDARD = gnu11;
				GCC_DYNAMIC_NO_PIC = NO;
				GCC_NO_COMMON_BLOCKS = YES;
				GCC_OPTIMIZATION_LEVEL = 0;
				GCC_PREPROCESSOR_DEFINITIONS = (
					"DEBUG=1",
					"$(inherited)",
				);
				GCC_WARN_64_TO_32_BIT_CONVERSION = YES;
				GCC_WARN_ABOUT_RETURN_TYPE = YES_ERROR;
				GCC_WARN_UNDECLARED_SELECTOR = YES;
				GCC_WARN_UNINITIALIZED_AUTOS = YES_AGGRESSIVE;
				GCC_WARN_UNUSED_FUNCTION = YES;
				GCC_WARN_UNUSED_VARIABLE = YES;
				IPHONEOS_DEPLOYMENT_TARGET = 15.5;
				MTL_ENABLE_DEBUG_INFO = INCLUDE_SOURCE;
				MTL_FAST_MATH = YES;
				ONLY_ACTIVE_ARCH = YES;
				SDKROOT = iphoneos;
				SWIFT_ACTIVE_COMPILATION_CONDITIONS = DEBUG;
				SWIFT_OPTIMIZATION_LEVEL = "-Onone";
			};
			name = Debug;
		};
		2C7373FF28B1170700C31BFF /* Release */ = {
			isa = XCBuildConfiguration;
			buildSettings = {
				ALWAYS_SEARCH_USER_PATHS = NO;
				CLANG_ANALYZER_NONNULL = YES;
				CLANG_ANALYZER_NUMBER_OBJECT_CONVERSION = YES_AGGRESSIVE;
				CLANG_CXX_LANGUAGE_STANDARD = "gnu++17";
				CLANG_ENABLE_MODULES = YES;
				CLANG_ENABLE_OBJC_ARC = YES;
				CLANG_ENABLE_OBJC_WEAK = YES;
				CLANG_WARN_BLOCK_CAPTURE_AUTORELEASING = YES;
				CLANG_WARN_BOOL_CONVERSION = YES;
				CLANG_WARN_COMMA = YES;
				CLANG_WARN_CONSTANT_CONVERSION = YES;
				CLANG_WARN_DEPRECATED_OBJC_IMPLEMENTATIONS = YES;
				CLANG_WARN_DIRECT_OBJC_ISA_USAGE = YES_ERROR;
				CLANG_WARN_DOCUMENTATION_COMMENTS = YES;
				CLANG_WARN_EMPTY_BODY = YES;
				CLANG_WARN_ENUM_CONVERSION = YES;
				CLANG_WARN_INFINITE_RECURSION = YES;
				CLANG_WARN_INT_CONVERSION = YES;
				CLANG_WARN_NON_LITERAL_NULL_CONVERSION = YES;
				CLANG_WARN_OBJC_IMPLICIT_RETAIN_SELF = YES;
				CLANG_WARN_OBJC_LITERAL_CONVERSION = YES;
				CLANG_WARN_OBJC_ROOT_CLASS = YES_ERROR;
				CLANG_WARN_QUOTED_INCLUDE_IN_FRAMEWORK_HEADER = YES;
				CLANG_WARN_RANGE_LOOP_ANALYSIS = YES;
				CLANG_WARN_STRICT_PROTOTYPES = YES;
				CLANG_WARN_SUSPICIOUS_MOVE = YES;
				CLANG_WARN_UNGUARDED_AVAILABILITY = YES_AGGRESSIVE;
				CLANG_WARN_UNREACHABLE_CODE = YES;
				CLANG_WARN__DUPLICATE_METHOD_MATCH = YES;
				COPY_PHASE_STRIP = NO;
				DEBUG_INFORMATION_FORMAT = "dwarf-with-dsym";
				ENABLE_NS_ASSERTIONS = NO;
				ENABLE_STRICT_OBJC_MSGSEND = YES;
				GCC_C_LANGUAGE_STANDARD = gnu11;
				GCC_NO_COMMON_BLOCKS = YES;
				GCC_WARN_64_TO_32_BIT_CONVERSION = YES;
				GCC_WARN_ABOUT_RETURN_TYPE = YES_ERROR;
				GCC_WARN_UNDECLARED_SELECTOR = YES;
				GCC_WARN_UNINITIALIZED_AUTOS = YES_AGGRESSIVE;
				GCC_WARN_UNUSED_FUNCTION = YES;
				GCC_WARN_UNUSED_VARIABLE = YES;
				IPHONEOS_DEPLOYMENT_TARGET = 15.5;
				MTL_ENABLE_DEBUG_INFO = NO;
				MTL_FAST_MATH = YES;
				SDKROOT = iphoneos;
				SWIFT_COMPILATION_MODE = wholemodule;
				SWIFT_OPTIMIZATION_LEVEL = "-O";
				VALIDATE_PRODUCT = YES;
			};
			name = Release;
		};
		2C73740128B1170700C31BFF /* Debug */ = {
			isa = XCBuildConfiguration;
			buildSettings = {
				ASSETCATALOG_COMPILER_APPICON_NAME = AppIcon;
				ASSETCATALOG_COMPILER_GLOBAL_ACCENT_COLOR_NAME = AccentColor;
				CODE_SIGN_STYLE = Automatic;
				CURRENT_PROJECT_VERSION = 1;
				DEVELOPMENT_ASSET_PATHS = "\"Bookworm/Preview Content\"";
				DEVELOPMENT_TEAM = 8R3P49X4ZM;
				ENABLE_PREVIEWS = YES;
				GENERATE_INFOPLIST_FILE = YES;
				INFOPLIST_KEY_UIApplicationSceneManifest_Generation = YES;
				INFOPLIST_KEY_UIApplicationSupportsIndirectInputEvents = YES;
				INFOPLIST_KEY_UILaunchScreen_Generation = YES;
				INFOPLIST_KEY_UISupportedInterfaceOrientations_iPad = "UIInterfaceOrientationPortrait UIInterfaceOrientationPortraitUpsideDown UIInterfaceOrientationLandscapeLeft UIInterfaceOrientationLandscapeRight";
				INFOPLIST_KEY_UISupportedInterfaceOrientations_iPhone = "UIInterfaceOrientationPortrait UIInterfaceOrientationLandscapeLeft UIInterfaceOrientationLandscapeRight";
				LD_RUNPATH_SEARCH_PATHS = (
					"$(inherited)",
					"@executable_path/Frameworks",
				);
				MARKETING_VERSION = 1.0;
				PRODUCT_BUNDLE_IDENTIFIER = io.github.rungxanh1995.Bookworm;
				PRODUCT_NAME = "$(TARGET_NAME)";
				SWIFT_EMIT_LOC_STRINGS = YES;
				SWIFT_VERSION = 5.0;
				TARGETED_DEVICE_FAMILY = "1,2";
			};
			name = Debug;
		};
		2C73740228B1170700C31BFF /* Release */ = {
			isa = XCBuildConfiguration;
			buildSettings = {
				ASSETCATALOG_COMPILER_APPICON_NAME = AppIcon;
				ASSETCATALOG_COMPILER_GLOBAL_ACCENT_COLOR_NAME = AccentColor;
				CODE_SIGN_STYLE = Automatic;
				CURRENT_PROJECT_VERSION = 1;
				DEVELOPMENT_ASSET_PATHS = "\"Bookworm/Preview Content\"";
				DEVELOPMENT_TEAM = 8R3P49X4ZM;
				ENABLE_PREVIEWS = YES;
				GENERATE_INFOPLIST_FILE = YES;
				INFOPLIST_KEY_UIApplicationSceneManifest_Generation = YES;
				INFOPLIST_KEY_UIApplicationSupportsIndirectInputEvents = YES;
				INFOPLIST_KEY_UILaunchScreen_Generation = YES;
				INFOPLIST_KEY_UISupportedInterfaceOrientations_iPad = "UIInterfaceOrientationPortrait UIInterfaceOrientationPortraitUpsideDown UIInterfaceOrientationLandscapeLeft UIInterfaceOrientationLandscapeRight";
				INFOPLIST_KEY_UISupportedInterfaceOrientations_iPhone = "UIInterfaceOrientationPortrait UIInterfaceOrientationLandscapeLeft UIInterfaceOrientationLandscapeRight";
				LD_RUNPATH_SEARCH_PATHS = (
					"$(inherited)",
					"@executable_path/Frameworks",
				);
				MARKETING_VERSION = 1.0;
				PRODUCT_BUNDLE_IDENTIFIER = io.github.rungxanh1995.Bookworm;
				PRODUCT_NAME = "$(TARGET_NAME)";
				SWIFT_EMIT_LOC_STRINGS = YES;
				SWIFT_VERSION = 5.0;
				TARGETED_DEVICE_FAMILY = "1,2";
			};
			name = Release;
		};
/* End XCBuildConfiguration section */

/* Begin XCConfigurationList section */
		2C7373ED28B1170600C31BFF /* Build configuration list for PBXProject "Bookworm" */ = {
			isa = XCConfigurationList;
			buildConfigurations = (
				2C7373FE28B1170700C31BFF /* Debug */,
				2C7373FF28B1170700C31BFF /* Release */,
			);
			defaultConfigurationIsVisible = 0;
			defaultConfigurationName = Release;
		};
		2C73740028B1170700C31BFF /* Build configuration list for PBXNativeTarget "Bookworm" */ = {
			isa = XCConfigurationList;
			buildConfigurations = (
				2C73740128B1170700C31BFF /* Debug */,
				2C73740228B1170700C31BFF /* Release */,
			);
			defaultConfigurationIsVisible = 0;
			defaultConfigurationName = Release;
		};
/* End XCConfigurationList section */

/* Begin XCVersionGroup section */
		2C902B6128B3D162000F95A2 /* Bookworm.xcdatamodeld */ = {
			isa = XCVersionGroup;
			children = (
				2C902B6228B3D162000F95A2 /* Bookworm.xcdatamodel */,
			);
			currentVersion = 2C902B6228B3D162000F95A2 /* Bookworm.xcdatamodel */;
			path = Bookworm.xcdatamodeld;
			sourceTree = "<group>";
			versionGroupType = wrapper.xcdatamodel;
		};
/* End XCVersionGroup section */
	};
	rootObject = 2C7373EA28B1170600C31BFF /* Project object */;
}
