// !$*UTF8*$!
{
	archiveVersion = 1;
	classes = {
	};
	objectVersion = 55;
	objects = {

/* Begin PBXBuildFile section */
		2C5FE3BD28A1B07300AB748C /* WeightUnit.swift in Sources */ = {isa = PBXBuildFile; fileRef = 2C5FE3BC28A1B07300AB748C /* WeightUnit.swift */; };
		2CE813122880766400640396 /* Unit_ConverterApp.swift in Sources */ = {isa = PBXBuildFile; fileRef = 2CE813112880766400640396 /* Unit_ConverterApp.swift */; };
		2CE813142880766400640396 /* ContentView.swift in Sources */ = {isa = PBXBuildFile; fileRef = 2CE813132880766400640396 /* ContentView.swift */; };
		2CE813162880766500640396 /* Assets.xcassets in Resources */ = {isa = PBXBuildFile; fileRef = 2CE813152880766500640396 /* Assets.xcassets */; };
		2CE813192880766500640396 /* Preview Assets.xcassets in Resources */ = {isa = PBXBuildFile; fileRef = 2CE813182880766500640396 /* Preview Assets.xcassets */; };
		2CE8132628807B1000640396 /* String+Ext.swift in Sources */ = {isa = PBXBuildFile; fileRef = 2CE8132528807B1000640396 /* String+Ext.swift */; };
		2CE8132C28807BBC00640396 /* Localizable.strings in Resources */ = {isa = PBXBuildFile; fileRef = 2CE8132E28807BBC00640396 /* Localizable.strings */; };
		2CE8133128807BF000640396 /* UCForm.swift in Sources */ = {isa = PBXBuildFile; fileRef = 2CE8133028807BF000640396 /* UCForm.swift */; };
		2CE8133528807C8200640396 /* UnitType.swift in Sources */ = {isa = PBXBuildFile; fileRef = 2CE8133428807C8200640396 /* UnitType.swift */; };
		2CE8133A2880888800640396 /* UCPickUnitTypeView.swift in Sources */ = {isa = PBXBuildFile; fileRef = 2CE813392880888800640396 /* UCPickUnitTypeView.swift */; };
		2CE8134228808ABF00640396 /* TemperatureUnit.swift in Sources */ = {isa = PBXBuildFile; fileRef = 2CE8134128808ABF00640396 /* TemperatureUnit.swift */; };
		2CE8134428808C9B00640396 /* UCUnit.swift in Sources */ = {isa = PBXBuildFile; fileRef = 2CE8134328808C9B00640396 /* UCUnit.swift */; };
		2CE8134728808F4B00640396 /* LengthUnit.swift in Sources */ = {isa = PBXBuildFile; fileRef = 2CE8134628808F4B00640396 /* LengthUnit.swift */; };
		2CE8134A28808FA600640396 /* TimeUnit.swift in Sources */ = {isa = PBXBuildFile; fileRef = 2CE8134928808FA600640396 /* TimeUnit.swift */; };
		2CE8134C2880903800640396 /* VolumeUnit.swift in Sources */ = {isa = PBXBuildFile; fileRef = 2CE8134B2880903800640396 /* VolumeUnit.swift */; };
		2CE8134F288091AB00640396 /* UnitTypeStore.swift in Sources */ = {isa = PBXBuildFile; fileRef = 2CE8134E288091AB00640396 /* UnitTypeStore.swift */; };
		2CE8135128809BD100640396 /* Collection+Ext.swift in Sources */ = {isa = PBXBuildFile; fileRef = 2CE8135028809BD100640396 /* Collection+Ext.swift */; };
		2CE813562880A3F000640396 /* UCSourceUnitView.swift in Sources */ = {isa = PBXBuildFile; fileRef = 2CE813552880A3F000640396 /* UCSourceUnitView.swift */; };
		2CE813592880BECC00640396 /* UCDestinationUnitView.swift in Sources */ = {isa = PBXBuildFile; fileRef = 2CE813582880BECC00640396 /* UCDestinationUnitView.swift */; };
		2CE8135B2880C16E00640396 /* UCUnitPicker.swift in Sources */ = {isa = PBXBuildFile; fileRef = 2CE8135A2880C16E00640396 /* UCUnitPicker.swift */; };
/* End PBXBuildFile section */

/* Begin PBXFileReference section */
		2C5FE3BC28A1B07300AB748C /* WeightUnit.swift */ = {isa = PBXFileReference; lastKnownFileType = sourcecode.swift; path = WeightUnit.swift; sourceTree = "<group>"; };
		2CE8130E2880766400640396 /* Unit Converter.app */ = {isa = PBXFileReference; explicitFileType = wrapper.application; includeInIndex = 0; path = "Unit Converter.app"; sourceTree = BUILT_PRODUCTS_DIR; };
		2CE813112880766400640396 /* Unit_ConverterApp.swift */ = {isa = PBXFileReference; lastKnownFileType = sourcecode.swift; path = Unit_ConverterApp.swift; sourceTree = "<group>"; };
		2CE813132880766400640396 /* ContentView.swift */ = {isa = PBXFileReference; lastKnownFileType = sourcecode.swift; path = ContentView.swift; sourceTree = "<group>"; };
		2CE813152880766500640396 /* Assets.xcassets */ = {isa = PBXFileReference; lastKnownFileType = folder.assetcatalog; path = Assets.xcassets; sourceTree = "<group>"; };
		2CE813182880766500640396 /* Preview Assets.xcassets */ = {isa = PBXFileReference; lastKnownFileType = folder.assetcatalog; path = "Preview Assets.xcassets"; sourceTree = "<group>"; };
		2CE8132528807B1000640396 /* String+Ext.swift */ = {isa = PBXFileReference; lastKnownFileType = sourcecode.swift; path = "String+Ext.swift"; sourceTree = "<group>"; };
		2CE8132D28807BBC00640396 /* en */ = {isa = PBXFileReference; lastKnownFileType = text.plist.strings; name = en; path = en.lproj/Localizable.strings; sourceTree = "<group>"; };
		2CE8132F28807BC100640396 /* vi */ = {isa = PBXFileReference; lastKnownFileType = text.plist.strings; name = vi; path = vi.lproj/Localizable.strings; sourceTree = "<group>"; };
		2CE8133028807BF000640396 /* UCForm.swift */ = {isa = PBXFileReference; lastKnownFileType = sourcecode.swift; path = UCForm.swift; sourceTree = "<group>"; };
		2CE8133428807C8200640396 /* UnitType.swift */ = {isa = PBXFileReference; lastKnownFileType = sourcecode.swift; path = UnitType.swift; sourceTree = "<group>"; };
		2CE813392880888800640396 /* UCPickUnitTypeView.swift */ = {isa = PBXFileReference; lastKnownFileType = sourcecode.swift; path = UCPickUnitTypeView.swift; sourceTree = "<group>"; };
		2CE8134128808ABF00640396 /* TemperatureUnit.swift */ = {isa = PBXFileReference; lastKnownFileType = sourcecode.swift; path = TemperatureUnit.swift; sourceTree = "<group>"; };
		2CE8134328808C9B00640396 /* UCUnit.swift */ = {isa = PBXFileReference; lastKnownFileType = sourcecode.swift; path = UCUnit.swift; sourceTree = "<group>"; };
		2CE8134628808F4B00640396 /* LengthUnit.swift */ = {isa = PBXFileReference; lastKnownFileType = sourcecode.swift; path = LengthUnit.swift; sourceTree = "<group>"; };
		2CE8134928808FA600640396 /* TimeUnit.swift */ = {isa = PBXFileReference; lastKnownFileType = sourcecode.swift; path = TimeUnit.swift; sourceTree = "<group>"; };
		2CE8134B2880903800640396 /* VolumeUnit.swift */ = {isa = PBXFileReference; lastKnownFileType = sourcecode.swift; path = VolumeUnit.swift; sourceTree = "<group>"; };
		2CE8134E288091AB00640396 /* UnitTypeStore.swift */ = {isa = PBXFileReference; lastKnownFileType = sourcecode.swift; path = UnitTypeStore.swift; sourceTree = "<group>"; };
		2CE8135028809BD100640396 /* Collection+Ext.swift */ = {isa = PBXFileReference; lastKnownFileType = sourcecode.swift; path = "Collection+Ext.swift"; sourceTree = "<group>"; };
		2CE813552880A3F000640396 /* UCSourceUnitView.swift */ = {isa = PBXFileReference; lastKnownFileType = sourcecode.swift; path = UCSourceUnitView.swift; sourceTree = "<group>"; };
		2CE813582880BECC00640396 /* UCDestinationUnitView.swift */ = {isa = PBXFileReference; lastKnownFileType = sourcecode.swift; path = UCDestinationUnitView.swift; sourceTree = "<group>"; };
		2CE8135A2880C16E00640396 /* UCUnitPicker.swift */ = {isa = PBXFileReference; lastKnownFileType = sourcecode.swift; path = UCUnitPicker.swift; sourceTree = "<group>"; };
/* End PBXFileReference section */

/* Begin PBXFrameworksBuildPhase section */
		2CE8130B2880766400640396 /* Frameworks */ = {
			isa = PBXFrameworksBuildPhase;
			buildActionMask = 2147483647;
			files = (
			);
			runOnlyForDeploymentPostprocessing = 0;
		};
/* End PBXFrameworksBuildPhase section */

/* Begin PBXGroup section */
		2C5FE3BB28A1B06200AB748C /* Weight */ = {
			isa = PBXGroup;
			children = (
				2C5FE3BC28A1B07300AB748C /* WeightUnit.swift */,
			);
			path = Weight;
			sourceTree = "<group>";
		};
		2CE813052880766400640396 = {
			isa = PBXGroup;
			children = (
				2CE813102880766400640396 /* Unit Converter */,
				2CE8130F2880766400640396 /* Products */,
			);
			sourceTree = "<group>";
		};
		2CE8130F2880766400640396 /* Products */ = {
			isa = PBXGroup;
			children = (
				2CE8130E2880766400640396 /* Unit Converter.app */,
			);
			name = Products;
			sourceTree = "<group>";
		};
		2CE813102880766400640396 /* Unit Converter */ = {
			isa = PBXGroup;
			children = (
				2CE813112880766400640396 /* Unit_ConverterApp.swift */,
				2CE813132880766400640396 /* ContentView.swift */,
				2CE8132028807A5200640396 /* Model */,
				2CE8132128807A5800640396 /* Views */,
				2CE8131F28807A4C00640396 /* Extensions */,
				2CE8132428807AA800640396 /* Localization */,
				2CE813152880766500640396 /* Assets.xcassets */,
				2CE813172880766500640396 /* Preview Content */,
			);
			path = "Unit Converter";
			sourceTree = "<group>";
		};
		2CE813172880766500640396 /* Preview Content */ = {
			isa = PBXGroup;
			children = (
				2CE813182880766500640396 /* Preview Assets.xcassets */,
			);
			path = "Preview Content";
			sourceTree = "<group>";
		};
		2CE8131F28807A4C00640396 /* Extensions */ = {
			isa = PBXGroup;
			children = (
				2CE8132528807B1000640396 /* String+Ext.swift */,
				2CE8135028809BD100640396 /* Collection+Ext.swift */,
			);
			path = Extensions;
			sourceTree = "<group>";
		};
		2CE8132028807A5200640396 /* Model */ = {
			isa = PBXGroup;
			children = (
				2CE8133428807C8200640396 /* UnitType.swift */,
				2CE8134E288091AB00640396 /* UnitTypeStore.swift */,
				2CE8134328808C9B00640396 /* UCUnit.swift */,
				2CE8134028808A9A00640396 /* Temperature */,
				2CE8134528808F3000640396 /* Length */,
				2CE8134828808F9500640396 /* Time */,
				2CE8134D2880906300640396 /* Volume */,
				2C5FE3BB28A1B06200AB748C /* Weight */,
			);
			path = Model;
			sourceTree = "<group>";
		};
		2CE8132128807A5800640396 /* Views */ = {
			isa = PBXGroup;
			children = (
				2CE8133028807BF000640396 /* UCForm.swift */,
				2CE813382880885A00640396 /* PickUnit */,
				2CE813542880A3CE00640396 /* SourceUnit */,
				2CE813572880BEAF00640396 /* DestinationUnit */,
			);
			path = Views;
			sourceTree = "<group>";
		};
		2CE8132428807AA800640396 /* Localization */ = {
			isa = PBXGroup;
			children = (
				2CE8132E28807BBC00640396 /* Localizable.strings */,
			);
			path = Localization;
			sourceTree = "<group>";
		};
		2CE813382880885A00640396 /* PickUnit */ = {
			isa = PBXGroup;
			children = (
				2CE813392880888800640396 /* UCPickUnitTypeView.swift */,
				2CE8135A2880C16E00640396 /* UCUnitPicker.swift */,
			);
			path = PickUnit;
			sourceTree = "<group>";
		};
		2CE8134028808A9A00640396 /* Temperature */ = {
			isa = PBXGroup;
			children = (
				2CE8134128808ABF00640396 /* TemperatureUnit.swift */,
			);
			path = Temperature;
			sourceTree = "<group>";
		};
		2CE8134528808F3000640396 /* Length */ = {
			isa = PBXGroup;
			children = (
				2CE8134628808F4B00640396 /* LengthUnit.swift */,
			);
			path = Length;
			sourceTree = "<group>";
		};
		2CE8134828808F9500640396 /* Time */ = {
			isa = PBXGroup;
			children = (
				2CE8134928808FA600640396 /* TimeUnit.swift */,
			);
			path = Time;
			sourceTree = "<group>";
		};
		2CE8134D2880906300640396 /* Volume */ = {
			isa = PBXGroup;
			children = (
				2CE8134B2880903800640396 /* VolumeUnit.swift */,
			);
			path = Volume;
			sourceTree = "<group>";
		};
		2CE813542880A3CE00640396 /* SourceUnit */ = {
			isa = PBXGroup;
			children = (
				2CE813552880A3F000640396 /* UCSourceUnitView.swift */,
			);
			path = SourceUnit;
			sourceTree = "<group>";
		};
		2CE813572880BEAF00640396 /* DestinationUnit */ = {
			isa = PBXGroup;
			children = (
				2CE813582880BECC00640396 /* UCDestinationUnitView.swift */,
			);
			path = DestinationUnit;
			sourceTree = "<group>";
		};
/* End PBXGroup section */

/* Begin PBXNativeTarget section */
		2CE8130D2880766400640396 /* Unit Converter */ = {
			isa = PBXNativeTarget;
			buildConfigurationList = 2CE8131C2880766500640396 /* Build configuration list for PBXNativeTarget "Unit Converter" */;
			buildPhases = (
				2CE8130A2880766400640396 /* Sources */,
				2CE8130B2880766400640396 /* Frameworks */,
				2CE8130C2880766400640396 /* Resources */,
			);
			buildRules = (
			);
			dependencies = (
			);
			name = "Unit Converter";
			productName = "Unit Converter";
			productReference = 2CE8130E2880766400640396 /* Unit Converter.app */;
			productType = "com.apple.product-type.application";
		};
/* End PBXNativeTarget section */

/* Begin PBXProject section */
		2CE813062880766400640396 /* Project object */ = {
			isa = PBXProject;
			attributes = {
				BuildIndependentTargetsInParallel = 1;
				LastSwiftUpdateCheck = 1340;
				LastUpgradeCheck = 1340;
				TargetAttributes = {
					2CE8130D2880766400640396 = {
						CreatedOnToolsVersion = 13.4.1;
					};
				};
			};
			buildConfigurationList = 2CE813092880766400640396 /* Build configuration list for PBXProject "Unit Converter" */;
			compatibilityVersion = "Xcode 13.0";
			developmentRegion = en;
			hasScannedForEncodings = 0;
			knownRegions = (
				en,
				Base,
				vi,
			);
			mainGroup = 2CE813052880766400640396;
			productRefGroup = 2CE8130F2880766400640396 /* Products */;
			projectDirPath = "";
			projectRoot = "";
			targets = (
				2CE8130D2880766400640396 /* Unit Converter */,
			);
		};
/* End PBXProject section */

/* Begin PBXResourcesBuildPhase section */
		2CE8130C2880766400640396 /* Resources */ = {
			isa = PBXResourcesBuildPhase;
			buildActionMask = 2147483647;
			files = (
				2CE813192880766500640396 /* Preview Assets.xcassets in Resources */,
				2CE8132C28807BBC00640396 /* Localizable.strings in Resources */,
				2CE813162880766500640396 /* Assets.xcassets in Resources */,
			);
			runOnlyForDeploymentPostprocessing = 0;
		};
/* End PBXResourcesBuildPhase section */

/* Begin PBXSourcesBuildPhase section */
		2CE8130A2880766400640396 /* Sources */ = {
			isa = PBXSourcesBuildPhase;
			buildActionMask = 2147483647;
			files = (
				2CE8134728808F4B00640396 /* LengthUnit.swift in Sources */,
				2CE813592880BECC00640396 /* UCDestinationUnitView.swift in Sources */,
				2CE8132628807B1000640396 /* String+Ext.swift in Sources */,
				2CE8135B2880C16E00640396 /* UCUnitPicker.swift in Sources */,
				2CE8134228808ABF00640396 /* TemperatureUnit.swift in Sources */,
				2CE8134C2880903800640396 /* VolumeUnit.swift in Sources */,
				2CE813562880A3F000640396 /* UCSourceUnitView.swift in Sources */,
				2CE8133528807C8200640396 /* UnitType.swift in Sources */,
				2CE8135128809BD100640396 /* Collection+Ext.swift in Sources */,
				2CE8133128807BF000640396 /* UCForm.swift in Sources */,
				2CE813142880766400640396 /* ContentView.swift in Sources */,
				2CE813122880766400640396 /* Unit_ConverterApp.swift in Sources */,
				2CE8133A2880888800640396 /* UCPickUnitTypeView.swift in Sources */,
				2C5FE3BD28A1B07300AB748C /* WeightUnit.swift in Sources */,
				2CE8134A28808FA600640396 /* TimeUnit.swift in Sources */,
				2CE8134428808C9B00640396 /* UCUnit.swift in Sources */,
				2CE8134F288091AB00640396 /* UnitTypeStore.swift in Sources */,
			);
			runOnlyForDeploymentPostprocessing = 0;
		};
/* End PBXSourcesBuildPhase section */

/* Begin PBXVariantGroup section */
		2CE8132E28807BBC00640396 /* Localizable.strings */ = {
			isa = PBXVariantGroup;
			children = (
				2CE8132D28807BBC00640396 /* en */,
				2CE8132F28807BC100640396 /* vi */,
			);
			name = Localizable.strings;
			sourceTree = "<group>";
		};
/* End PBXVariantGroup section */

/* Begin XCBuildConfiguration section */
		2CE8131A2880766500640396 /* Debug */ = {
			isa = XCBuildConfiguration;
			buildSettings = {
				ALWAYS_SEARCH_USER_PATHS = NO;
				CLANG_ANALYZER_NONNULL = YES;
				CLANG_ANALYZER_NUMBER_OBJECT_CONVERSION = YES_AGGRESSIVE;
				CLANG_CXX_LANGUAGE_STANDARD = "gnu++17";
				CLANG_ENABLE_MODULES = YES;
				CLANG_ENABLE_OBJC_ARC = YES;
				CLANG_ENABLE_OBJC_WEAK = YES;
				CLANG_WARN_BLOCK_CAPTURE_AUTORELEASING = YES;
				CLANG_WARN_BOOL_CONVERSION = YES;
				CLANG_WARN_COMMA = YES;
				CLANG_WARN_CONSTANT_CONVERSION = YES;
				CLANG_WARN_DEPRECATED_OBJC_IMPLEMENTATIONS = YES;
				CLANG_WARN_DIRECT_OBJC_ISA_USAGE = YES_ERROR;
				CLANG_WARN_DOCUMENTATION_COMMENTS = YES;
				CLANG_WARN_EMPTY_BODY = YES;
				CLANG_WARN_ENUM_CONVERSION = YES;
				CLANG_WARN_INFINITE_RECURSION = YES;
				CLANG_WARN_INT_CONVERSION = YES;
				CLANG_WARN_NON_LITERAL_NULL_CONVERSION = YES;
				CLANG_WARN_OBJC_IMPLICIT_RETAIN_SELF = YES;
				CLANG_WARN_OBJC_LITERAL_CONVERSION = YES;
				CLANG_WARN_OBJC_ROOT_CLASS = YES_ERROR;
				CLANG_WARN_QUOTED_INCLUDE_IN_FRAMEWORK_HEADER = YES;
				CLANG_WARN_RANGE_LOOP_ANALYSIS = YES;
				CLANG_WARN_STRICT_PROTOTYPES = YES;
				CLANG_WARN_SUSPICIOUS_MOVE = YES;
				CLANG_WARN_UNGUARDED_AVAILABILITY = YES_AGGRESSIVE;
				CLANG_WARN_UNREACHABLE_CODE = YES;
				CLANG_WARN__DUPLICATE_METHOD_MATCH = YES;
				COPY_PHASE_STRIP = NO;
				DEBUG_INFORMATION_FORMAT = dwarf;
				ENABLE_STRICT_OBJC_MSGSEND = YES;
				ENABLE_TESTABILITY = YES;
				GCC_C_LANGUAGE_STANDARD = gnu11;
				GCC_DYNAMIC_NO_PIC = NO;
				GCC_NO_COMMON_BLOCKS = YES;
				GCC_OPTIMIZATION_LEVEL = 0;
				GCC_PREPROCESSOR_DEFINITIONS = (
					"DEBUG=1",
					"$(inherited)",
				);
				GCC_WARN_64_TO_32_BIT_CONVERSION = YES;
				GCC_WARN_ABOUT_RETURN_TYPE = YES_ERROR;
				GCC_WARN_UNDECLARED_SELECTOR = YES;
				GCC_WARN_UNINITIALIZED_AUTOS = YES_AGGRESSIVE;
				GCC_WARN_UNUSED_FUNCTION = YES;
				GCC_WARN_UNUSED_VARIABLE = YES;
				IPHONEOS_DEPLOYMENT_TARGET = 15.5;
				MTL_ENABLE_DEBUG_INFO = INCLUDE_SOURCE;
				MTL_FAST_MATH = YES;
				ONLY_ACTIVE_ARCH = YES;
				SDKROOT = iphoneos;
				SWIFT_ACTIVE_COMPILATION_CONDITIONS = DEBUG;
				SWIFT_OPTIMIZATION_LEVEL = "-Onone";
			};
			name = Debug;
		};
		2CE8131B2880766500640396 /* Release */ = {
			isa = XCBuildConfiguration;
			buildSettings = {
				ALWAYS_SEARCH_USER_PATHS = NO;
				CLANG_ANALYZER_NONNULL = YES;
				CLANG_ANALYZER_NUMBER_OBJECT_CONVERSION = YES_AGGRESSIVE;
				CLANG_CXX_LANGUAGE_STANDARD = "gnu++17";
				CLANG_ENABLE_MODULES = YES;
				CLANG_ENABLE_OBJC_ARC = YES;
				CLANG_ENABLE_OBJC_WEAK = YES;
				CLANG_WARN_BLOCK_CAPTURE_AUTORELEASING = YES;
				CLANG_WARN_BOOL_CONVERSION = YES;
				CLANG_WARN_COMMA = YES;
				CLANG_WARN_CONSTANT_CONVERSION = YES;
				CLANG_WARN_DEPRECATED_OBJC_IMPLEMENTATIONS = YES;
				CLANG_WARN_DIRECT_OBJC_ISA_USAGE = YES_ERROR;
				CLANG_WARN_DOCUMENTATION_COMMENTS = YES;
				CLANG_WARN_EMPTY_BODY = YES;
				CLANG_WARN_ENUM_CONVERSION = YES;
				CLANG_WARN_INFINITE_RECURSION = YES;
				CLANG_WARN_INT_CONVERSION = YES;
				CLANG_WARN_NON_LITERAL_NULL_CONVERSION = YES;
				CLANG_WARN_OBJC_IMPLICIT_RETAIN_SELF = YES;
				CLANG_WARN_OBJC_LITERAL_CONVERSION = YES;
				CLANG_WARN_OBJC_ROOT_CLASS = YES_ERROR;
				CLANG_WARN_QUOTED_INCLUDE_IN_FRAMEWORK_HEADER = YES;
				CLANG_WARN_RANGE_LOOP_ANALYSIS = YES;
				CLANG_WARN_STRICT_PROTOTYPES = YES;
				CLANG_WARN_SUSPICIOUS_MOVE = YES;
				CLANG_WARN_UNGUARDED_AVAILABILITY = YES_AGGRESSIVE;
				CLANG_WARN_UNREACHABLE_CODE = YES;
				CLANG_WARN__DUPLICATE_METHOD_MATCH = YES;
				COPY_PHASE_STRIP = NO;
				DEBUG_INFORMATION_FORMAT = "dwarf-with-dsym";
				ENABLE_NS_ASSERTIONS = NO;
				ENABLE_STRICT_OBJC_MSGSEND = YES;
				GCC_C_LANGUAGE_STANDARD = gnu11;
				GCC_NO_COMMON_BLOCKS = YES;
				GCC_WARN_64_TO_32_BIT_CONVERSION = YES;
				GCC_WARN_ABOUT_RETURN_TYPE = YES_ERROR;
				GCC_WARN_UNDECLARED_SELECTOR = YES;
				GCC_WARN_UNINITIALIZED_AUTOS = YES_AGGRESSIVE;
				GCC_WARN_UNUSED_FUNCTION = YES;
				GCC_WARN_UNUSED_VARIABLE = YES;
				IPHONEOS_DEPLOYMENT_TARGET = 15.5;
				MTL_ENABLE_DEBUG_INFO = NO;
				MTL_FAST_MATH = YES;
				SDKROOT = iphoneos;
				SWIFT_COMPILATION_MODE = wholemodule;
				SWIFT_OPTIMIZATION_LEVEL = "-O";
				VALIDATE_PRODUCT = YES;
			};
			name = Release;
		};
		2CE8131D2880766500640396 /* Debug */ = {
			isa = XCBuildConfiguration;
			buildSettings = {
				ASSETCATALOG_COMPILER_APPICON_NAME = AppIcon;
				ASSETCATALOG_COMPILER_GLOBAL_ACCENT_COLOR_NAME = AccentColor;
				CODE_SIGN_STYLE = Automatic;
				CURRENT_PROJECT_VERSION = 1;
				DEVELOPMENT_ASSET_PATHS = "\"Unit Converter/Preview Content\"";
				DEVELOPMENT_TEAM = 8R3P49X4ZM;
				ENABLE_PREVIEWS = YES;
				GENERATE_INFOPLIST_FILE = YES;
				INFOPLIST_KEY_UIApplicationSceneManifest_Generation = YES;
				INFOPLIST_KEY_UIApplicationSupportsIndirectInputEvents = YES;
				INFOPLIST_KEY_UILaunchScreen_Generation = YES;
				INFOPLIST_KEY_UISupportedInterfaceOrientations = UIInterfaceOrientationPortrait;
				INFOPLIST_KEY_UISupportedInterfaceOrientations_iPad = "UIInterfaceOrientationPortrait UIInterfaceOrientationPortraitUpsideDown UIInterfaceOrientationLandscapeLeft UIInterfaceOrientationLandscapeRight";
				INFOPLIST_KEY_UISupportedInterfaceOrientations_iPhone = "UIInterfaceOrientationPortrait UIInterfaceOrientationLandscapeLeft UIInterfaceOrientationLandscapeRight";
				LD_RUNPATH_SEARCH_PATHS = (
					"$(inherited)",
					"@executable_path/Frameworks",
				);
				MARKETING_VERSION = 1.0;
				PRODUCT_BUNDLE_IDENTIFIER = "io.github.rungxanh1995.Unit-Converter";
				PRODUCT_NAME = "$(TARGET_NAME)";
				SWIFT_EMIT_LOC_STRINGS = YES;
				SWIFT_VERSION = 5.0;
				TARGETED_DEVICE_FAMILY = 1;
			};
			name = Debug;
		};
		2CE8131E2880766500640396 /* Release */ = {
			isa = XCBuildConfiguration;
			buildSettings = {
				ASSETCATALOG_COMPILER_APPICON_NAME = AppIcon;
				ASSETCATALOG_COMPILER_GLOBAL_ACCENT_COLOR_NAME = AccentColor;
				CODE_SIGN_STYLE = Automatic;
				CURRENT_PROJECT_VERSION = 1;
				DEVELOPMENT_ASSET_PATHS = "\"Unit Converter/Preview Content\"";
				DEVELOPMENT_TEAM = 8R3P49X4ZM;
				ENABLE_PREVIEWS = YES;
				GENERATE_INFOPLIST_FILE = YES;
				INFOPLIST_KEY_UIApplicationSceneManifest_Generation = YES;
				INFOPLIST_KEY_UIApplicationSupportsIndirectInputEvents = YES;
				INFOPLIST_KEY_UILaunchScreen_Generation = YES;
				INFOPLIST_KEY_UISupportedInterfaceOrientations = UIInterfaceOrientationPortrait;
				INFOPLIST_KEY_UISupportedInterfaceOrientations_iPad = "UIInterfaceOrientationPortrait UIInterfaceOrientationPortraitUpsideDown UIInterfaceOrientationLandscapeLeft UIInterfaceOrientationLandscapeRight";
				INFOPLIST_KEY_UISupportedInterfaceOrientations_iPhone = "UIInterfaceOrientationPortrait UIInterfaceOrientationLandscapeLeft UIInterfaceOrientationLandscapeRight";
				LD_RUNPATH_SEARCH_PATHS = (
					"$(inherited)",
					"@executable_path/Frameworks",
				);
				MARKETING_VERSION = 1.0;
				PRODUCT_BUNDLE_IDENTIFIER = "io.github.rungxanh1995.Unit-Converter";
				PRODUCT_NAME = "$(TARGET_NAME)";
				SWIFT_EMIT_LOC_STRINGS = YES;
				SWIFT_VERSION = 5.0;
				TARGETED_DEVICE_FAMILY = 1;
			};
			name = Release;
		};
/* End XCBuildConfiguration section */

/* Begin XCConfigurationList section */
		2CE813092880766400640396 /* Build configuration list for PBXProject "Unit Converter" */ = {
			isa = XCConfigurationList;
			buildConfigurations = (
				2CE8131A2880766500640396 /* Debug */,
				2CE8131B2880766500640396 /* Release */,
			);
			defaultConfigurationIsVisible = 0;
			defaultConfigurationName = Release;
		};
		2CE8131C2880766500640396 /* Build configuration list for PBXNativeTarget "Unit Converter" */ = {
			isa = XCConfigurationList;
			buildConfigurations = (
				2CE8131D2880766500640396 /* Debug */,
				2CE8131E2880766500640396 /* Release */,
			);
			defaultConfigurationIsVisible = 0;
			defaultConfigurationName = Release;
		};
/* End XCConfigurationList section */
	};
	rootObject = 2CE813062880766400640396 /* Project object */;
}
