// !$*UTF8*$!
{
	archiveVersion = 1;
	classes = {
	};
	objectVersion = 55;
	objects = {

/* Begin PBXBuildFile section */
		2C5252062891713600240D54 /* GestureAnimationsView.swift in Sources */ = {isa = PBXBuildFile; fileRef = 2C5252052891713600240D54 /* GestureAnimationsView.swift */; };
		2C5C01F12890B195001879C5 /* BindingAnimationsView.swift in Sources */ = {isa = PBXBuildFile; fileRef = 2C5C01F02890B195001879C5 /* BindingAnimationsView.swift */; };
		2C5C01F32890C21D001879C5 /* ExplicitAnimationsView.swift in Sources */ = {isa = PBXBuildFile; fileRef = 2C5C01F22890C21D001879C5 /* ExplicitAnimationsView.swift */; };
		2C7A788F288F6BF2008A20B1 /* AnimationsApp.swift in Sources */ = {isa = PBXBuildFile; fileRef = 2C7A788E288F6BF2008A20B1 /* AnimationsApp.swift */; };
		2C7A7891288F6BF2008A20B1 /* ContentView.swift in Sources */ = {isa = PBXBuildFile; fileRef = 2C7A7890288F6BF2008A20B1 /* ContentView.swift */; };
		2C7A7893288F6BF3008A20B1 /* Assets.xcassets in Resources */ = {isa = PBXBuildFile; fileRef = 2C7A7892288F6BF3008A20B1 /* Assets.xcassets */; };
		2C7A7896288F6BF3008A20B1 /* Preview Assets.xcassets in Resources */ = {isa = PBXBuildFile; fileRef = 2C7A7895288F6BF3008A20B1 /* Preview Assets.xcassets */; };
		2CD9477F28901B5D00DE3F8F /* StackOfAnimationsView.swift in Sources */ = {isa = PBXBuildFile; fileRef = 2CD9477E28901B5D00DE3F8F /* StackOfAnimationsView.swift */; };
		2CD9478228901C5200DE3F8F /* ImplicitAnimationsView.swift in Sources */ = {isa = PBXBuildFile; fileRef = 2CD9478128901C5200DE3F8F /* ImplicitAnimationsView.swift */; };
		2CEA09BD289175BB00901308 /* Array+Ext.swift in Sources */ = {isa = PBXBuildFile; fileRef = 2CEA09BC289175BB00901308 /* Array+Ext.swift */; };
		2CEA09BF289179F000901308 /* ToggleTransitionsView.swift in Sources */ = {isa = PBXBuildFile; fileRef = 2CEA09BE289179F000901308 /* ToggleTransitionsView.swift */; };
		2CEA09C128917CB700901308 /* CustomTransitionView.swift in Sources */ = {isa = PBXBuildFile; fileRef = 2CEA09C028917CB700901308 /* CustomTransitionView.swift */; };
/* End PBXBuildFile section */

/* Begin PBXFileReference section */
		2C5252052891713600240D54 /* GestureAnimationsView.swift */ = {isa = PBXFileReference; lastKnownFileType = sourcecode.swift; path = GestureAnimationsView.swift; sourceTree = "<group>"; };
		2C5C01F02890B195001879C5 /* BindingAnimationsView.swift */ = {isa = PBXFileReference; lastKnownFileType = sourcecode.swift; path = BindingAnimationsView.swift; sourceTree = "<group>"; };
		2C5C01F22890C21D001879C5 /* ExplicitAnimationsView.swift */ = {isa = PBXFileReference; lastKnownFileType = sourcecode.swift; path = ExplicitAnimationsView.swift; sourceTree = "<group>"; };
		2C7A788B288F6BF2008A20B1 /* Animations.app */ = {isa = PBXFileReference; explicitFileType = wrapper.application; includeInIndex = 0; path = Animations.app; sourceTree = BUILT_PRODUCTS_DIR; };
		2C7A788E288F6BF2008A20B1 /* AnimationsApp.swift */ = {isa = PBXFileReference; lastKnownFileType = sourcecode.swift; path = AnimationsApp.swift; sourceTree = "<group>"; };
		2C7A7890288F6BF2008A20B1 /* ContentView.swift */ = {isa = PBXFileReference; lastKnownFileType = sourcecode.swift; path = ContentView.swift; sourceTree = "<group>"; };
		2C7A7892288F6BF3008A20B1 /* Assets.xcassets */ = {isa = PBXFileReference; lastKnownFileType = folder.assetcatalog; path = Assets.xcassets; sourceTree = "<group>"; };
		2C7A7895288F6BF3008A20B1 /* Preview Assets.xcassets */ = {isa = PBXFileReference; lastKnownFileType = folder.assetcatalog; path = "Preview Assets.xcassets"; sourceTree = "<group>"; };
		2CD9477E28901B5D00DE3F8F /* StackOfAnimationsView.swift */ = {isa = PBXFileReference; lastKnownFileType = sourcecode.swift; path = StackOfAnimationsView.swift; sourceTree = "<group>"; };
		2CD9478128901C5200DE3F8F /* ImplicitAnimationsView.swift */ = {isa = PBXFileReference; lastKnownFileType = sourcecode.swift; path = ImplicitAnimationsView.swift; sourceTree = "<group>"; };
		2CEA09BC289175BB00901308 /* Array+Ext.swift */ = {isa = PBXFileReference; lastKnownFileType = sourcecode.swift; path = "Array+Ext.swift"; sourceTree = "<group>"; };
		2CEA09BE289179F000901308 /* ToggleTransitionsView.swift */ = {isa = PBXFileReference; lastKnownFileType = sourcecode.swift; path = ToggleTransitionsView.swift; sourceTree = "<group>"; };
		2CEA09C028917CB700901308 /* CustomTransitionView.swift */ = {isa = PBXFileReference; lastKnownFileType = sourcecode.swift; path = CustomTransitionView.swift; sourceTree = "<group>"; };
/* End PBXFileReference section */

/* Begin PBXFrameworksBuildPhase section */
		2C7A7888288F6BF2008A20B1 /* Frameworks */ = {
			isa = PBXFrameworksBuildPhase;
			buildActionMask = 2147483647;
			files = (
			);
			runOnlyForDeploymentPostprocessing = 0;
		};
/* End PBXFrameworksBuildPhase section */

/* Begin PBXGroup section */
		2C7A7882288F6BF2008A20B1 = {
			isa = PBXGroup;
			children = (
				2C7A788D288F6BF2008A20B1 /* Animations */,
				2C7A788C288F6BF2008A20B1 /* Products */,
			);
			sourceTree = "<group>";
		};
		2C7A788C288F6BF2008A20B1 /* Products */ = {
			isa = PBXGroup;
			children = (
				2C7A788B288F6BF2008A20B1 /* Animations.app */,
			);
			name = Products;
			sourceTree = "<group>";
		};
		2C7A788D288F6BF2008A20B1 /* Animations */ = {
			isa = PBXGroup;
			children = (
				2C7A788E288F6BF2008A20B1 /* AnimationsApp.swift */,
				2C7A7890288F6BF2008A20B1 /* ContentView.swift */,
				2CD9478328901C5F00DE3F8F /* Views */,
				2CEA09BB289175AE00901308 /* Extensions */,
				2C7A7892288F6BF3008A20B1 /* Assets.xcassets */,
				2C7A7894288F6BF3008A20B1 /* Preview Content */,
			);
			path = Animations;
			sourceTree = "<group>";
		};
		2C7A7894288F6BF3008A20B1 /* Preview Content */ = {
			isa = PBXGroup;
			children = (
				2C7A7895288F6BF3008A20B1 /* Preview Assets.xcassets */,
			);
			path = "Preview Content";
			sourceTree = "<group>";
		};
		2CD9478328901C5F00DE3F8F /* Views */ = {
			isa = PBXGroup;
			children = (
				2CEA09C328917F7A00901308 /* Animations */,
				2CEA09C228917F7200901308 /* Transitions */,
			);
			path = Views;
			sourceTree = "<group>";
		};
		2CEA09BB289175AE00901308 /* Extensions */ = {
			isa = PBXGroup;
			children = (
				2CEA09BC289175BB00901308 /* Array+Ext.swift */,
			);
			path = Extensions;
			sourceTree = "<group>";
		};
		2CEA09C228917F7200901308 /* Transitions */ = {
			isa = PBXGroup;
			children = (
				2CEA09BE289179F000901308 /* ToggleTransitionsView.swift */,
				2CEA09C028917CB700901308 /* CustomTransitionView.swift */,
			);
			path = Transitions;
			sourceTree = "<group>";
		};
		2CEA09C328917F7A00901308 /* Animations */ = {
			isa = PBXGroup;
			children = (
				2CD9478128901C5200DE3F8F /* ImplicitAnimationsView.swift */,
				2C5C01F02890B195001879C5 /* BindingAnimationsView.swift */,
				2C5C01F22890C21D001879C5 /* ExplicitAnimationsView.swift */,
				2CD9477E28901B5D00DE3F8F /* StackOfAnimationsView.swift */,
				2C5252052891713600240D54 /* GestureAnimationsView.swift */,
			);
			path = Animations;
			sourceTree = "<group>";
		};
/* End PBXGroup section */

/* Begin PBXNativeTarget section */
		2C7A788A288F6BF2008A20B1 /* Animations */ = {
			isa = PBXNativeTarget;
			buildConfigurationList = 2C7A7899288F6BF3008A20B1 /* Build configuration list for PBXNativeTarget "Animations" */;
			buildPhases = (
				2C7A7887288F6BF2008A20B1 /* Sources */,
				2C7A7888288F6BF2008A20B1 /* Frameworks */,
				2C7A7889288F6BF2008A20B1 /* Resources */,
			);
			buildRules = (
			);
			dependencies = (
			);
			name = Animations;
			productName = Animations;
			productReference = 2C7A788B288F6BF2008A20B1 /* Animations.app */;
			productType = "com.apple.product-type.application";
		};
/* End PBXNativeTarget section */

/* Begin PBXProject section */
		2C7A7883288F6BF2008A20B1 /* Project object */ = {
			isa = PBXProject;
			attributes = {
				BuildIndependentTargetsInParallel = 1;
				LastSwiftUpdateCheck = 1340;
				LastUpgradeCheck = 1340;
				TargetAttributes = {
					2C7A788A288F6BF2008A20B1 = {
						CreatedOnToolsVersion = 13.4.1;
					};
				};
			};
			buildConfigurationList = 2C7A7886288F6BF2008A20B1 /* Build configuration list for PBXProject "Animations" */;
			compatibilityVersion = "Xcode 13.0";
			developmentRegion = en;
			hasScannedForEncodings = 0;
			knownRegions = (
				en,
				Base,
			);
			mainGroup = 2C7A7882288F6BF2008A20B1;
			productRefGroup = 2C7A788C288F6BF2008A20B1 /* Products */;
			projectDirPath = "";
			projectRoot = "";
			targets = (
				2C7A788A288F6BF2008A20B1 /* Animations */,
			);
		};
/* End PBXProject section */

/* Begin PBXResourcesBuildPhase section */
		2C7A7889288F6BF2008A20B1 /* Resources */ = {
			isa = PBXResourcesBuildPhase;
			buildActionMask = 2147483647;
			files = (
				2C7A7896288F6BF3008A20B1 /* Preview Assets.xcassets in Resources */,
				2C7A7893288F6BF3008A20B1 /* Assets.xcassets in Resources */,
			);
			runOnlyForDeploymentPostprocessing = 0;
		};
/* End PBXResourcesBuildPhase section */

/* Begin PBXSourcesBuildPhase section */
		2C7A7887288F6BF2008A20B1 /* Sources */ = {
			isa = PBXSourcesBuildPhase;
			buildActionMask = 2147483647;
			files = (
				2C5C01F12890B195001879C5 /* BindingAnimationsView.swift in Sources */,
				2C5252062891713600240D54 /* GestureAnimationsView.swift in Sources */,
				2CEA09C128917CB700901308 /* CustomTransitionView.swift in Sources */,
				2C5C01F32890C21D001879C5 /* ExplicitAnimationsView.swift in Sources */,
				2CD9478228901C5200DE3F8F /* ImplicitAnimationsView.swift in Sources */,
				2C7A7891288F6BF2008A20B1 /* ContentView.swift in Sources */,
				2CEA09BD289175BB00901308 /* Array+Ext.swift in Sources */,
				2CEA09BF289179F000901308 /* ToggleTransitionsView.swift in Sources */,
				2C7A788F288F6BF2008A20B1 /* AnimationsApp.swift in Sources */,
				2CD9477F28901B5D00DE3F8F /* StackOfAnimationsView.swift in Sources */,
			);
			runOnlyForDeploymentPostprocessing = 0;
		};
/* End PBXSourcesBuildPhase section */

/* Begin XCBuildConfiguration section */
		2C7A7897288F6BF3008A20B1 /* Debug */ = {
			isa = XCBuildConfiguration;
			buildSettings = {
				ALWAYS_SEARCH_USER_PATHS = NO;
				CLANG_ANALYZER_NONNULL = YES;
				CLANG_ANALYZER_NUMBER_OBJECT_CONVERSION = YES_AGGRESSIVE;
				CLANG_CXX_LANGUAGE_STANDARD = "gnu++17";
				CLANG_ENABLE_MODULES = YES;
				CLANG_ENABLE_OBJC_ARC = YES;
				CLANG_ENABLE_OBJC_WEAK = YES;
				CLANG_WARN_BLOCK_CAPTURE_AUTORELEASING = YES;
				CLANG_WARN_BOOL_CONVERSION = YES;
				CLANG_WARN_COMMA = YES;
				CLANG_WARN_CONSTANT_CONVERSION = YES;
				CLANG_WARN_DEPRECATED_OBJC_IMPLEMENTATIONS = YES;
				CLANG_WARN_DIRECT_OBJC_ISA_USAGE = YES_ERROR;
				CLANG_WARN_DOCUMENTATION_COMMENTS = YES;
				CLANG_WARN_EMPTY_BODY = YES;
				CLANG_WARN_ENUM_CONVERSION = YES;
				CLANG_WARN_INFINITE_RECURSION = YES;
				CLANG_WARN_INT_CONVERSION = YES;
				CLANG_WARN_NON_LITERAL_NULL_CONVERSION = YES;
				CLANG_WARN_OBJC_IMPLICIT_RETAIN_SELF = YES;
				CLANG_WARN_OBJC_LITERAL_CONVERSION = YES;
				CLANG_WARN_OBJC_ROOT_CLASS = YES_ERROR;
				CLANG_WARN_QUOTED_INCLUDE_IN_FRAMEWORK_HEADER = YES;
				CLANG_WARN_RANGE_LOOP_ANALYSIS = YES;
				CLANG_WARN_STRICT_PROTOTYPES = YES;
				CLANG_WARN_SUSPICIOUS_MOVE = YES;
				CLANG_WARN_UNGUARDED_AVAILABILITY = YES_AGGRESSIVE;
				CLANG_WARN_UNREACHABLE_CODE = YES;
				CLANG_WARN__DUPLICATE_METHOD_MATCH = YES;
				COPY_PHASE_STRIP = NO;
				DEBUG_INFORMATION_FORMAT = dwarf;
				ENABLE_STRICT_OBJC_MSGSEND = YES;
				ENABLE_TESTABILITY = YES;
				GCC_C_LANGUAGE_STANDARD = gnu11;
				GCC_DYNAMIC_NO_PIC = NO;
				GCC_NO_COMMON_BLOCKS = YES;
				GCC_OPTIMIZATION_LEVEL = 0;
				GCC_PREPROCESSOR_DEFINITIONS = (
					"DEBUG=1",
					"$(inherited)",
				);
				GCC_WARN_64_TO_32_BIT_CONVERSION = YES;
				GCC_WARN_ABOUT_RETURN_TYPE = YES_ERROR;
				GCC_WARN_UNDECLARED_SELECTOR = YES;
				GCC_WARN_UNINITIALIZED_AUTOS = YES_AGGRESSIVE;
				GCC_WARN_UNUSED_FUNCTION = YES;
				GCC_WARN_UNUSED_VARIABLE = YES;
				IPHONEOS_DEPLOYMENT_TARGET = 15.5;
				MTL_ENABLE_DEBUG_INFO = INCLUDE_SOURCE;
				MTL_FAST_MATH = YES;
				ONLY_ACTIVE_ARCH = YES;
				SDKROOT = iphoneos;
				SWIFT_ACTIVE_COMPILATION_CONDITIONS = DEBUG;
				SWIFT_OPTIMIZATION_LEVEL = "-Onone";
			};
			name = Debug;
		};
		2C7A7898288F6BF3008A20B1 /* Release */ = {
			isa = XCBuildConfiguration;
			buildSettings = {
				ALWAYS_SEARCH_USER_PATHS = NO;
				CLANG_ANALYZER_NONNULL = YES;
				CLANG_ANALYZER_NUMBER_OBJECT_CONVERSION = YES_AGGRESSIVE;
				CLANG_CXX_LANGUAGE_STANDARD = "gnu++17";
				CLANG_ENABLE_MODULES = YES;
				CLANG_ENABLE_OBJC_ARC = YES;
				CLANG_ENABLE_OBJC_WEAK = YES;
				CLANG_WARN_BLOCK_CAPTURE_AUTORELEASING = YES;
				CLANG_WARN_BOOL_CONVERSION = YES;
				CLANG_WARN_COMMA = YES;
				CLANG_WARN_CONSTANT_CONVERSION = YES;
				CLANG_WARN_DEPRECATED_OBJC_IMPLEMENTATIONS = YES;
				CLANG_WARN_DIRECT_OBJC_ISA_USAGE = YES_ERROR;
				CLANG_WARN_DOCUMENTATION_COMMENTS = YES;
				CLANG_WARN_EMPTY_BODY = YES;
				CLANG_WARN_ENUM_CONVERSION = YES;
				CLANG_WARN_INFINITE_RECURSION = YES;
				CLANG_WARN_INT_CONVERSION = YES;
				CLANG_WARN_NON_LITERAL_NULL_CONVERSION = YES;
				CLANG_WARN_OBJC_IMPLICIT_RETAIN_SELF = YES;
				CLANG_WARN_OBJC_LITERAL_CONVERSION = YES;
				CLANG_WARN_OBJC_ROOT_CLASS = YES_ERROR;
				CLANG_WARN_QUOTED_INCLUDE_IN_FRAMEWORK_HEADER = YES;
				CLANG_WARN_RANGE_LOOP_ANALYSIS = YES;
				CLANG_WARN_STRICT_PROTOTYPES = YES;
				CLANG_WARN_SUSPICIOUS_MOVE = YES;
				CLANG_WARN_UNGUARDED_AVAILABILITY = YES_AGGRESSIVE;
				CLANG_WARN_UNREACHABLE_CODE = YES;
				CLANG_WARN__DUPLICATE_METHOD_MATCH = YES;
				COPY_PHASE_STRIP = NO;
				DEBUG_INFORMATION_FORMAT = "dwarf-with-dsym";
				ENABLE_NS_ASSERTIONS = NO;
				ENABLE_STRICT_OBJC_MSGSEND = YES;
				GCC_C_LANGUAGE_STANDARD = gnu11;
				GCC_NO_COMMON_BLOCKS = YES;
				GCC_WARN_64_TO_32_BIT_CONVERSION = YES;
				GCC_WARN_ABOUT_RETURN_TYPE = YES_ERROR;
				GCC_WARN_UNDECLARED_SELECTOR = YES;
				GCC_WARN_UNINITIALIZED_AUTOS = YES_AGGRESSIVE;
				GCC_WARN_UNUSED_FUNCTION = YES;
				GCC_WARN_UNUSED_VARIABLE = YES;
				IPHONEOS_DEPLOYMENT_TARGET = 15.5;
				MTL_ENABLE_DEBUG_INFO = NO;
				MTL_FAST_MATH = YES;
				SDKROOT = iphoneos;
				SWIFT_COMPILATION_MODE = wholemodule;
				SWIFT_OPTIMIZATION_LEVEL = "-O";
				VALIDATE_PRODUCT = YES;
			};
			name = Release;
		};
		2C7A789A288F6BF3008A20B1 /* Debug */ = {
			isa = XCBuildConfiguration;
			buildSettings = {
				ASSETCATALOG_COMPILER_APPICON_NAME = AppIcon;
				ASSETCATALOG_COMPILER_GLOBAL_ACCENT_COLOR_NAME = AccentColor;
				CODE_SIGN_STYLE = Automatic;
				CURRENT_PROJECT_VERSION = 1;
				DEVELOPMENT_ASSET_PATHS = "\"Animations/Preview Content\"";
				DEVELOPMENT_TEAM = 8R3P49X4ZM;
				ENABLE_PREVIEWS = YES;
				GENERATE_INFOPLIST_FILE = YES;
				INFOPLIST_KEY_UIApplicationSceneManifest_Generation = YES;
				INFOPLIST_KEY_UIApplicationSupportsIndirectInputEvents = YES;
				INFOPLIST_KEY_UILaunchScreen_Generation = YES;
				INFOPLIST_KEY_UISupportedInterfaceOrientations_iPad = "UIInterfaceOrientationPortrait UIInterfaceOrientationPortraitUpsideDown UIInterfaceOrientationLandscapeLeft UIInterfaceOrientationLandscapeRight";
				INFOPLIST_KEY_UISupportedInterfaceOrientations_iPhone = "UIInterfaceOrientationPortrait UIInterfaceOrientationLandscapeLeft UIInterfaceOrientationLandscapeRight";
				LD_RUNPATH_SEARCH_PATHS = (
					"$(inherited)",
					"@executable_path/Frameworks",
				);
				MARKETING_VERSION = 1.0;
				PRODUCT_BUNDLE_IDENTIFIER = io.github.rungxanh1995.Animations;
				PRODUCT_NAME = "$(TARGET_NAME)";
				SWIFT_EMIT_LOC_STRINGS = YES;
				SWIFT_VERSION = 5.0;
				TARGETED_DEVICE_FAMILY = 1;
			};
			name = Debug;
		};
		2C7A789B288F6BF3008A20B1 /* Release */ = {
			isa = XCBuildConfiguration;
			buildSettings = {
				ASSETCATALOG_COMPILER_APPICON_NAME = AppIcon;
				ASSETCATALOG_COMPILER_GLOBAL_ACCENT_COLOR_NAME = AccentColor;
				CODE_SIGN_STYLE = Automatic;
				CURRENT_PROJECT_VERSION = 1;
				DEVELOPMENT_ASSET_PATHS = "\"Animations/Preview Content\"";
				DEVELOPMENT_TEAM = 8R3P49X4ZM;
				ENABLE_PREVIEWS = YES;
				GENERATE_INFOPLIST_FILE = YES;
				INFOPLIST_KEY_UIApplicationSceneManifest_Generation = YES;
				INFOPLIST_KEY_UIApplicationSupportsIndirectInputEvents = YES;
				INFOPLIST_KEY_UILaunchScreen_Generation = YES;
				INFOPLIST_KEY_UISupportedInterfaceOrientations_iPad = "UIInterfaceOrientationPortrait UIInterfaceOrientationPortraitUpsideDown UIInterfaceOrientationLandscapeLeft UIInterfaceOrientationLandscapeRight";
				INFOPLIST_KEY_UISupportedInterfaceOrientations_iPhone = "UIInterfaceOrientationPortrait UIInterfaceOrientationLandscapeLeft UIInterfaceOrientationLandscapeRight";
				LD_RUNPATH_SEARCH_PATHS = (
					"$(inherited)",
					"@executable_path/Frameworks",
				);
				MARKETING_VERSION = 1.0;
				PRODUCT_BUNDLE_IDENTIFIER = io.github.rungxanh1995.Animations;
				PRODUCT_NAME = "$(TARGET_NAME)";
				SWIFT_EMIT_LOC_STRINGS = YES;
				SWIFT_VERSION = 5.0;
				TARGETED_DEVICE_FAMILY = 1;
			};
			name = Release;
		};
/* End XCBuildConfiguration section */

/* Begin XCConfigurationList section */
		2C7A7886288F6BF2008A20B1 /* Build configuration list for PBXProject "Animations" */ = {
			isa = XCConfigurationList;
			buildConfigurations = (
				2C7A7897288F6BF3008A20B1 /* Debug */,
				2C7A7898288F6BF3008A20B1 /* Release */,
			);
			defaultConfigurationIsVisible = 0;
			defaultConfigurationName = Release;
		};
		2C7A7899288F6BF3008A20B1 /* Build configuration list for PBXNativeTarget "Animations" */ = {
			isa = XCConfigurationList;
			buildConfigurations = (
				2C7A789A288F6BF3008A20B1 /* Debug */,
				2C7A789B288F6BF3008A20B1 /* Release */,
			);
			defaultConfigurationIsVisible = 0;
			defaultConfigurationName = Release;
		};
/* End XCConfigurationList section */
	};
	rootObject = 2C7A7883288F6BF2008A20B1 /* Project object */;
}
