// !$*UTF8*$!
{
	archiveVersion = 1;
	classes = {
	};
	objectVersion = 55;
	objects = {

/* Begin PBXBuildFile section */
		2C12D5D628ADD55900D1CD1E /* Cupcake_CornerApp.swift in Sources */ = {isa = PBXBuildFile; fileRef = 2C12D5D528ADD55900D1CD1E /* Cupcake_CornerApp.swift */; };
		2C12D5D828ADD55900D1CD1E /* StartView.swift in Sources */ = {isa = PBXBuildFile; fileRef = 2C12D5D728ADD55900D1CD1E /* StartView.swift */; };
		2C12D5DA28ADD55A00D1CD1E /* Assets.xcassets in Resources */ = {isa = PBXBuildFile; fileRef = 2C12D5D928ADD55A00D1CD1E /* Assets.xcassets */; };
		2C12D5DD28ADD55A00D1CD1E /* Preview Assets.xcassets in Resources */ = {isa = PBXBuildFile; fileRef = 2C12D5DC28ADD55A00D1CD1E /* Preview Assets.xcassets */; };
		2C3A5CCD28ADDEFF002D98DF /* Order.swift in Sources */ = {isa = PBXBuildFile; fileRef = 2C3A5CCC28ADDEFF002D98DF /* Order.swift */; };
		2C3A5CD028ADE13B002D98DF /* AddressView.swift in Sources */ = {isa = PBXBuildFile; fileRef = 2C3A5CCF28ADE13B002D98DF /* AddressView.swift */; };
		2C3A5CD228ADE1CA002D98DF /* CheckoutView.swift in Sources */ = {isa = PBXBuildFile; fileRef = 2C3A5CD128ADE1CA002D98DF /* CheckoutView.swift */; };
		2C3F86A728B05E3300E35E5A /* GifImage.swift in Sources */ = {isa = PBXBuildFile; fileRef = 2C3F86A628B05E3300E35E5A /* GifImage.swift */; };
		2C3F86AA28B05F1200E35E5A /* deliveryTruck.gif in Resources */ = {isa = PBXBuildFile; fileRef = 2C3F86A928B05F1200E35E5A /* deliveryTruck.gif */; };
		2C3F86AC28B0677B00E35E5A /* Constants.swift in Sources */ = {isa = PBXBuildFile; fileRef = 2C3F86AB28B0677B00E35E5A /* Constants.swift */; };
		2C7373E728B0F4C400C31BFF /* OrderService.swift in Sources */ = {isa = PBXBuildFile; fileRef = 2C7373E628B0F4C400C31BFF /* OrderService.swift */; };
		2C8F520428AFCEF3005949B3 /* StartViewModel.swift in Sources */ = {isa = PBXBuildFile; fileRef = 2C8F520328AFCEF3005949B3 /* StartViewModel.swift */; };
		2C8F520628AFD08A005949B3 /* AddressViewModel.swift in Sources */ = {isa = PBXBuildFile; fileRef = 2C8F520528AFD08A005949B3 /* AddressViewModel.swift */; };
		2C8F520828AFD183005949B3 /* CheckoutViewModel.swift in Sources */ = {isa = PBXBuildFile; fileRef = 2C8F520728AFD183005949B3 /* CheckoutViewModel.swift */; };
		2CAD8C1528AF16F400EE3551 /* Cupcake.swift in Sources */ = {isa = PBXBuildFile; fileRef = 2CAD8C1428AF16F400EE3551 /* Cupcake.swift */; };
		2CAD8C1728AF1B4C00EE3551 /* Address.swift in Sources */ = {isa = PBXBuildFile; fileRef = 2CAD8C1628AF1B4C00EE3551 /* Address.swift */; };
/* End PBXBuildFile section */

/* Begin PBXFileReference section */
		2C12D5D228ADD55900D1CD1E /* Cupcake Corner.app */ = {isa = PBXFileReference; explicitFileType = wrapper.application; includeInIndex = 0; path = "Cupcake Corner.app"; sourceTree = BUILT_PRODUCTS_DIR; };
		2C12D5D528ADD55900D1CD1E /* Cupcake_CornerApp.swift */ = {isa = PBXFileReference; lastKnownFileType = sourcecode.swift; path = Cupcake_CornerApp.swift; sourceTree = "<group>"; };
		2C12D5D728ADD55900D1CD1E /* StartView.swift */ = {isa = PBXFileReference; lastKnownFileType = sourcecode.swift; path = StartView.swift; sourceTree = "<group>"; };
		2C12D5D928ADD55A00D1CD1E /* Assets.xcassets */ = {isa = PBXFileReference; lastKnownFileType = folder.assetcatalog; path = Assets.xcassets; sourceTree = "<group>"; };
		2C12D5DC28ADD55A00D1CD1E /* Preview Assets.xcassets */ = {isa = PBXFileReference; lastKnownFileType = folder.assetcatalog; path = "Preview Assets.xcassets"; sourceTree = "<group>"; };
		2C3A5CCC28ADDEFF002D98DF /* Order.swift */ = {isa = PBXFileReference; lastKnownFileType = sourcecode.swift; path = Order.swift; sourceTree = "<group>"; };
		2C3A5CCF28ADE13B002D98DF /* AddressView.swift */ = {isa = PBXFileReference; lastKnownFileType = sourcecode.swift; path = AddressView.swift; sourceTree = "<group>"; };
		2C3A5CD128ADE1CA002D98DF /* CheckoutView.swift */ = {isa = PBXFileReference; lastKnownFileType = sourcecode.swift; path = CheckoutView.swift; sourceTree = "<group>"; };
		2C3F86A628B05E3300E35E5A /* GifImage.swift */ = {isa = PBXFileReference; lastKnownFileType = sourcecode.swift; path = GifImage.swift; sourceTree = "<group>"; };
		2C3F86A928B05F1200E35E5A /* deliveryTruck.gif */ = {isa = PBXFileReference; lastKnownFileType = image.gif; path = deliveryTruck.gif; sourceTree = "<group>"; };
		2C3F86AB28B0677B00E35E5A /* Constants.swift */ = {isa = PBXFileReference; lastKnownFileType = sourcecode.swift; path = Constants.swift; sourceTree = "<group>"; };
		2C7373E628B0F4C400C31BFF /* OrderService.swift */ = {isa = PBXFileReference; lastKnownFileType = sourcecode.swift; path = OrderService.swift; sourceTree = "<group>"; };
		2C8F520328AFCEF3005949B3 /* StartViewModel.swift */ = {isa = PBXFileReference; lastKnownFileType = sourcecode.swift; path = StartViewModel.swift; sourceTree = "<group>"; };
		2C8F520528AFD08A005949B3 /* AddressViewModel.swift */ = {isa = PBXFileReference; lastKnownFileType = sourcecode.swift; path = AddressViewModel.swift; sourceTree = "<group>"; };
		2C8F520728AFD183005949B3 /* CheckoutViewModel.swift */ = {isa = PBXFileReference; lastKnownFileType = sourcecode.swift; path = CheckoutViewModel.swift; sourceTree = "<group>"; };
		2CAD8C1428AF16F400EE3551 /* Cupcake.swift */ = {isa = PBXFileReference; lastKnownFileType = sourcecode.swift; path = Cupcake.swift; sourceTree = "<group>"; };
		2CAD8C1628AF1B4C00EE3551 /* Address.swift */ = {isa = PBXFileReference; lastKnownFileType = sourcecode.swift; path = Address.swift; sourceTree = "<group>"; };
/* End PBXFileReference section */

/* Begin PBXFrameworksBuildPhase section */
		2C12D5CF28ADD55900D1CD1E /* Frameworks */ = {
			isa = PBXFrameworksBuildPhase;
			buildActionMask = 2147483647;
			files = (
			);
			runOnlyForDeploymentPostprocessing = 0;
		};
/* End PBXFrameworksBuildPhase section */

/* Begin PBXGroup section */
		2C12D5C928ADD55900D1CD1E = {
			isa = PBXGroup;
			children = (
				2C12D5D428ADD55900D1CD1E /* Cupcake Corner */,
				2C12D5D328ADD55900D1CD1E /* Products */,
			);
			sourceTree = "<group>";
		};
		2C12D5D328ADD55900D1CD1E /* Products */ = {
			isa = PBXGroup;
			children = (
				2C12D5D228ADD55900D1CD1E /* Cupcake Corner.app */,
			);
			name = Products;
			sourceTree = "<group>";
		};
		2C12D5D428ADD55900D1CD1E /* Cupcake Corner */ = {
			isa = PBXGroup;
			children = (
				2C12D5D528ADD55900D1CD1E /* Cupcake_CornerApp.swift */,
				2C7373E828B0F4D500C31BFF /* Service */,
				2C3A5CCE28ADDF05002D98DF /* Models */,
				2C3A5CCB28ADDEEF002D98DF /* Views */,
				2C3F86A828B05EE500E35E5A /* Other Assets */,
				2C12D5D928ADD55A00D1CD1E /* Assets.xcassets */,
				2C12D5DB28ADD55A00D1CD1E /* Preview Content */,
			);
			path = "Cupcake Corner";
			sourceTree = "<group>";
		};
		2C12D5DB28ADD55A00D1CD1E /* Preview Content */ = {
			isa = PBXGroup;
			children = (
				2C12D5DC28ADD55A00D1CD1E /* Preview Assets.xcassets */,
			);
			path = "Preview Content";
			sourceTree = "<group>";
		};
		2C3A5CCB28ADDEEF002D98DF /* Views */ = {
			isa = PBXGroup;
			children = (
				2CAD8C0F28AF158E00EE3551 /* Start */,
				2CAD8C1028AF15B300EE3551 /* Address */,
				2CAD8C1128AF15BC00EE3551 /* Check Out */,
				2C3F86A528B05DF600E35E5A /* Others */,
			);
			path = Views;
			sourceTree = "<group>";
		};
		2C3A5CCE28ADDF05002D98DF /* Models */ = {
			isa = PBXGroup;
			children = (
				2C3A5CCC28ADDEFF002D98DF /* Order.swift */,
				2CAD8C1428AF16F400EE3551 /* Cupcake.swift */,
				2CAD8C1628AF1B4C00EE3551 /* Address.swift */,
			);
			path = Models;
			sourceTree = "<group>";
		};
		2C3F86A528B05DF600E35E5A /* Others */ = {
			isa = PBXGroup;
			children = (
				2C3F86A628B05E3300E35E5A /* GifImage.swift */,
			);
			path = Others;
			sourceTree = "<group>";
		};
		2C3F86A828B05EE500E35E5A /* Other Assets */ = {
			isa = PBXGroup;
			children = (
				2C3F86A928B05F1200E35E5A /* deliveryTruck.gif */,
				2C3F86AB28B0677B00E35E5A /* Constants.swift */,
			);
			path = "Other Assets";
			sourceTree = "<group>";
		};
		2C7373E828B0F4D500C31BFF /* Service */ = {
			isa = PBXGroup;
			children = (
				2C7373E628B0F4C400C31BFF /* OrderService.swift */,
			);
			path = Service;
			sourceTree = "<group>";
		};
		2CAD8C0F28AF158E00EE3551 /* Start */ = {
			isa = PBXGroup;
			children = (
				2C12D5D728ADD55900D1CD1E /* StartView.swift */,
				2C8F520328AFCEF3005949B3 /* StartViewModel.swift */,
			);
			path = Start;
			sourceTree = "<group>";
		};
		2CAD8C1028AF15B300EE3551 /* Address */ = {
			isa = PBXGroup;
			children = (
				2C3A5CCF28ADE13B002D98DF /* AddressView.swift */,
				2C8F520528AFD08A005949B3 /* AddressViewModel.swift */,
			);
			path = Address;
			sourceTree = "<group>";
		};
		2CAD8C1128AF15BC00EE3551 /* Check Out */ = {
			isa = PBXGroup;
			children = (
				2C3A5CD128ADE1CA002D98DF /* CheckoutView.swift */,
				2C8F520728AFD183005949B3 /* CheckoutViewModel.swift */,
			);
			path = "Check Out";
			sourceTree = "<group>";
		};
/* End PBXGroup section */

/* Begin PBXNativeTarget section */
		2C12D5D128ADD55900D1CD1E /* Cupcake Corner */ = {
			isa = PBXNativeTarget;
			buildConfigurationList = 2C12D5E028ADD55A00D1CD1E /* Build configuration list for PBXNativeTarget "Cupcake Corner" */;
			buildPhases = (
				2C12D5CE28ADD55900D1CD1E /* Sources */,
				2C12D5CF28ADD55900D1CD1E /* Frameworks */,
				2C12D5D028ADD55900D1CD1E /* Resources */,
			);
			buildRules = (
			);
			dependencies = (
			);
			name = "Cupcake Corner";
			productName = "Cupcake Corner";
			productReference = 2C12D5D228ADD55900D1CD1E /* Cupcake Corner.app */;
			productType = "com.apple.product-type.application";
		};
/* End PBXNativeTarget section */

/* Begin PBXProject section */
		2C12D5CA28ADD55900D1CD1E /* Project object */ = {
			isa = PBXProject;
			attributes = {
				BuildIndependentTargetsInParallel = 1;
				LastSwiftUpdateCheck = 1340;
				LastUpgradeCheck = 1340;
				TargetAttributes = {
					2C12D5D128ADD55900D1CD1E = {
						CreatedOnToolsVersion = 13.4.1;
					};
				};
			};
			buildConfigurationList = 2C12D5CD28ADD55900D1CD1E /* Build configuration list for PBXProject "Cupcake Corner" */;
			compatibilityVersion = "Xcode 13.0";
			developmentRegion = en;
			hasScannedForEncodings = 0;
			knownRegions = (
				en,
				Base,
			);
			mainGroup = 2C12D5C928ADD55900D1CD1E;
			productRefGroup = 2C12D5D328ADD55900D1CD1E /* Products */;
			projectDirPath = "";
			projectRoot = "";
			targets = (
				2C12D5D128ADD55900D1CD1E /* Cupcake Corner */,
			);
		};
/* End PBXProject section */

/* Begin PBXResourcesBuildPhase section */
		2C12D5D028ADD55900D1CD1E /* Resources */ = {
			isa = PBXResourcesBuildPhase;
			buildActionMask = 2147483647;
			files = (
				2C12D5DD28ADD55A00D1CD1E /* Preview Assets.xcassets in Resources */,
				2C3F86AA28B05F1200E35E5A /* deliveryTruck.gif in Resources */,
				2C12D5DA28ADD55A00D1CD1E /* Assets.xcassets in Resources */,
			);
			runOnlyForDeploymentPostprocessing = 0;
		};
/* End PBXResourcesBuildPhase section */

/* Begin PBXSourcesBuildPhase section */
		2C12D5CE28ADD55900D1CD1E /* Sources */ = {
			isa = PBXSourcesBuildPhase;
			buildActionMask = 2147483647;
			files = (
				2C8F520828AFD183005949B3 /* CheckoutViewModel.swift in Sources */,
				2C7373E728B0F4C400C31BFF /* OrderService.swift in Sources */,
				2C3A5CCD28ADDEFF002D98DF /* Order.swift in Sources */,
				2C3F86A728B05E3300E35E5A /* GifImage.swift in Sources */,
				2C8F520428AFCEF3005949B3 /* StartViewModel.swift in Sources */,
				2C8F520628AFD08A005949B3 /* AddressViewModel.swift in Sources */,
				2C3A5CD028ADE13B002D98DF /* AddressView.swift in Sources */,
				2C3A5CD228ADE1CA002D98DF /* CheckoutView.swift in Sources */,
				2C12D5D828ADD55900D1CD1E /* StartView.swift in Sources */,
				2CAD8C1528AF16F400EE3551 /* Cupcake.swift in Sources */,
				2C12D5D628ADD55900D1CD1E /* Cupcake_CornerApp.swift in Sources */,
				2CAD8C1728AF1B4C00EE3551 /* Address.swift in Sources */,
				2C3F86AC28B0677B00E35E5A /* Constants.swift in Sources */,
			);
			runOnlyForDeploymentPostprocessing = 0;
		};
/* End PBXSourcesBuildPhase section */

/* Begin XCBuildConfiguration section */
		2C12D5DE28ADD55A00D1CD1E /* Debug */ = {
			isa = XCBuildConfiguration;
			buildSettings = {
				ALWAYS_SEARCH_USER_PATHS = NO;
				CLANG_ANALYZER_NONNULL = YES;
				CLANG_ANALYZER_NUMBER_OBJECT_CONVERSION = YES_AGGRESSIVE;
				CLANG_CXX_LANGUAGE_STANDARD = "gnu++17";
				CLANG_ENABLE_MODULES = YES;
				CLANG_ENABLE_OBJC_ARC = YES;
				CLANG_ENABLE_OBJC_WEAK = YES;
				CLANG_WARN_BLOCK_CAPTURE_AUTORELEASING = YES;
				CLANG_WARN_BOOL_CONVERSION = YES;
				CLANG_WARN_COMMA = YES;
				CLANG_WARN_CONSTANT_CONVERSION = YES;
				CLANG_WARN_DEPRECATED_OBJC_IMPLEMENTATIONS = YES;
				CLANG_WARN_DIRECT_OBJC_ISA_USAGE = YES_ERROR;
				CLANG_WARN_DOCUMENTATION_COMMENTS = YES;
				CLANG_WARN_EMPTY_BODY = YES;
				CLANG_WARN_ENUM_CONVERSION = YES;
				CLANG_WARN_INFINITE_RECURSION = YES;
				CLANG_WARN_INT_CONVERSION = YES;
				CLANG_WARN_NON_LITERAL_NULL_CONVERSION = YES;
				CLANG_WARN_OBJC_IMPLICIT_RETAIN_SELF = YES;
				CLANG_WARN_OBJC_LITERAL_CONVERSION = YES;
				CLANG_WARN_OBJC_ROOT_CLASS = YES_ERROR;
				CLANG_WARN_QUOTED_INCLUDE_IN_FRAMEWORK_HEADER = YES;
				CLANG_WARN_RANGE_LOOP_ANALYSIS = YES;
				CLANG_WARN_STRICT_PROTOTYPES = YES;
				CLANG_WARN_SUSPICIOUS_MOVE = YES;
				CLANG_WARN_UNGUARDED_AVAILABILITY = YES_AGGRESSIVE;
				CLANG_WARN_UNREACHABLE_CODE = YES;
				CLANG_WARN__DUPLICATE_METHOD_MATCH = YES;
				COPY_PHASE_STRIP = NO;
				DEBUG_INFORMATION_FORMAT = dwarf;
				ENABLE_STRICT_OBJC_MSGSEND = YES;
				ENABLE_TESTABILITY = YES;
				GCC_C_LANGUAGE_STANDARD = gnu11;
				GCC_DYNAMIC_NO_PIC = NO;
				GCC_NO_COMMON_BLOCKS = YES;
				GCC_OPTIMIZATION_LEVEL = 0;
				GCC_PREPROCESSOR_DEFINITIONS = (
					"DEBUG=1",
					"$(inherited)",
				);
				GCC_WARN_64_TO_32_BIT_CONVERSION = YES;
				GCC_WARN_ABOUT_RETURN_TYPE = YES_ERROR;
				GCC_WARN_UNDECLARED_SELECTOR = YES;
				GCC_WARN_UNINITIALIZED_AUTOS = YES_AGGRESSIVE;
				GCC_WARN_UNUSED_FUNCTION = YES;
				GCC_WARN_UNUSED_VARIABLE = YES;
				IPHONEOS_DEPLOYMENT_TARGET = 15.5;
				MTL_ENABLE_DEBUG_INFO = INCLUDE_SOURCE;
				MTL_FAST_MATH = YES;
				ONLY_ACTIVE_ARCH = YES;
				SDKROOT = iphoneos;
				SWIFT_ACTIVE_COMPILATION_CONDITIONS = DEBUG;
				SWIFT_OPTIMIZATION_LEVEL = "-Onone";
			};
			name = Debug;
		};
		2C12D5DF28ADD55A00D1CD1E /* Release */ = {
			isa = XCBuildConfiguration;
			buildSettings = {
				ALWAYS_SEARCH_USER_PATHS = NO;
				CLANG_ANALYZER_NONNULL = YES;
				CLANG_ANALYZER_NUMBER_OBJECT_CONVERSION = YES_AGGRESSIVE;
				CLANG_CXX_LANGUAGE_STANDARD = "gnu++17";
				CLANG_ENABLE_MODULES = YES;
				CLANG_ENABLE_OBJC_ARC = YES;
				CLANG_ENABLE_OBJC_WEAK = YES;
				CLANG_WARN_BLOCK_CAPTURE_AUTORELEASING = YES;
				CLANG_WARN_BOOL_CONVERSION = YES;
				CLANG_WARN_COMMA = YES;
				CLANG_WARN_CONSTANT_CONVERSION = YES;
				CLANG_WARN_DEPRECATED_OBJC_IMPLEMENTATIONS = YES;
				CLANG_WARN_DIRECT_OBJC_ISA_USAGE = YES_ERROR;
				CLANG_WARN_DOCUMENTATION_COMMENTS = YES;
				CLANG_WARN_EMPTY_BODY = YES;
				CLANG_WARN_ENUM_CONVERSION = YES;
				CLANG_WARN_INFINITE_RECURSION = YES;
				CLANG_WARN_INT_CONVERSION = YES;
				CLANG_WARN_NON_LITERAL_NULL_CONVERSION = YES;
				CLANG_WARN_OBJC_IMPLICIT_RETAIN_SELF = YES;
				CLANG_WARN_OBJC_LITERAL_CONVERSION = YES;
				CLANG_WARN_OBJC_ROOT_CLASS = YES_ERROR;
				CLANG_WARN_QUOTED_INCLUDE_IN_FRAMEWORK_HEADER = YES;
				CLANG_WARN_RANGE_LOOP_ANALYSIS = YES;
				CLANG_WARN_STRICT_PROTOTYPES = YES;
				CLANG_WARN_SUSPICIOUS_MOVE = YES;
				CLANG_WARN_UNGUARDED_AVAILABILITY = YES_AGGRESSIVE;
				CLANG_WARN_UNREACHABLE_CODE = YES;
				CLANG_WARN__DUPLICATE_METHOD_MATCH = YES;
				COPY_PHASE_STRIP = NO;
				DEBUG_INFORMATION_FORMAT = "dwarf-with-dsym";
				ENABLE_NS_ASSERTIONS = NO;
				ENABLE_STRICT_OBJC_MSGSEND = YES;
				GCC_C_LANGUAGE_STANDARD = gnu11;
				GCC_NO_COMMON_BLOCKS = YES;
				GCC_WARN_64_TO_32_BIT_CONVERSION = YES;
				GCC_WARN_ABOUT_RETURN_TYPE = YES_ERROR;
				GCC_WARN_UNDECLARED_SELECTOR = YES;
				GCC_WARN_UNINITIALIZED_AUTOS = YES_AGGRESSIVE;
				GCC_WARN_UNUSED_FUNCTION = YES;
				GCC_WARN_UNUSED_VARIABLE = YES;
				IPHONEOS_DEPLOYMENT_TARGET = 15.5;
				MTL_ENABLE_DEBUG_INFO = NO;
				MTL_FAST_MATH = YES;
				SDKROOT = iphoneos;
				SWIFT_COMPILATION_MODE = wholemodule;
				SWIFT_OPTIMIZATION_LEVEL = "-O";
				VALIDATE_PRODUCT = YES;
			};
			name = Release;
		};
		2C12D5E128ADD55A00D1CD1E /* Debug */ = {
			isa = XCBuildConfiguration;
			buildSettings = {
				ASSETCATALOG_COMPILER_APPICON_NAME = AppIcon;
				ASSETCATALOG_COMPILER_GLOBAL_ACCENT_COLOR_NAME = AccentColor;
				CODE_SIGN_STYLE = Automatic;
				CURRENT_PROJECT_VERSION = 1;
				DEVELOPMENT_ASSET_PATHS = "\"Cupcake Corner/Preview Content\"";
				DEVELOPMENT_TEAM = 8R3P49X4ZM;
				ENABLE_PREVIEWS = YES;
				GENERATE_INFOPLIST_FILE = YES;
				INFOPLIST_KEY_UIApplicationSceneManifest_Generation = YES;
				INFOPLIST_KEY_UIApplicationSupportsIndirectInputEvents = YES;
				INFOPLIST_KEY_UILaunchScreen_Generation = YES;
				INFOPLIST_KEY_UISupportedInterfaceOrientations_iPad = "UIInterfaceOrientationPortrait UIInterfaceOrientationPortraitUpsideDown UIInterfaceOrientationLandscapeLeft UIInterfaceOrientationLandscapeRight";
				INFOPLIST_KEY_UISupportedInterfaceOrientations_iPhone = "UIInterfaceOrientationPortrait UIInterfaceOrientationLandscapeLeft UIInterfaceOrientationLandscapeRight";
				LD_RUNPATH_SEARCH_PATHS = (
					"$(inherited)",
					"@executable_path/Frameworks",
				);
				MARKETING_VERSION = 1.0;
				PRODUCT_BUNDLE_IDENTIFIER = "io.github.rungxanh1995.Cupcake-Corner";
				PRODUCT_NAME = "$(TARGET_NAME)";
				SWIFT_EMIT_LOC_STRINGS = YES;
				SWIFT_VERSION = 5.0;
				TARGETED_DEVICE_FAMILY = "1,2";
			};
			name = Debug;
		};
		2C12D5E228ADD55A00D1CD1E /* Release */ = {
			isa = XCBuildConfiguration;
			buildSettings = {
				ASSETCATALOG_COMPILER_APPICON_NAME = AppIcon;
				ASSETCATALOG_COMPILER_GLOBAL_ACCENT_COLOR_NAME = AccentColor;
				CODE_SIGN_STYLE = Automatic;
				CURRENT_PROJECT_VERSION = 1;
				DEVELOPMENT_ASSET_PATHS = "\"Cupcake Corner/Preview Content\"";
				DEVELOPMENT_TEAM = 8R3P49X4ZM;
				ENABLE_PREVIEWS = YES;
				GENERATE_INFOPLIST_FILE = YES;
				INFOPLIST_KEY_UIApplicationSceneManifest_Generation = YES;
				INFOPLIST_KEY_UIApplicationSupportsIndirectInputEvents = YES;
				INFOPLIST_KEY_UILaunchScreen_Generation = YES;
				INFOPLIST_KEY_UISupportedInterfaceOrientations_iPad = "UIInterfaceOrientationPortrait UIInterfaceOrientationPortraitUpsideDown UIInterfaceOrientationLandscapeLeft UIInterfaceOrientationLandscapeRight";
				INFOPLIST_KEY_UISupportedInterfaceOrientations_iPhone = "UIInterfaceOrientationPortrait UIInterfaceOrientationLandscapeLeft UIInterfaceOrientationLandscapeRight";
				LD_RUNPATH_SEARCH_PATHS = (
					"$(inherited)",
					"@executable_path/Frameworks",
				);
				MARKETING_VERSION = 1.0;
				PRODUCT_BUNDLE_IDENTIFIER = "io.github.rungxanh1995.Cupcake-Corner";
				PRODUCT_NAME = "$(TARGET_NAME)";
				SWIFT_EMIT_LOC_STRINGS = YES;
				SWIFT_VERSION = 5.0;
				TARGETED_DEVICE_FAMILY = "1,2";
			};
			name = Release;
		};
/* End XCBuildConfiguration section */

/* Begin XCConfigurationList section */
		2C12D5CD28ADD55900D1CD1E /* Build configuration list for PBXProject "Cupcake Corner" */ = {
			isa = XCConfigurationList;
			buildConfigurations = (
				2C12D5DE28ADD55A00D1CD1E /* Debug */,
				2C12D5DF28ADD55A00D1CD1E /* Release */,
			);
			defaultConfigurationIsVisible = 0;
			defaultConfigurationName = Release;
		};
		2C12D5E028ADD55A00D1CD1E /* Build configuration list for PBXNativeTarget "Cupcake Corner" */ = {
			isa = XCConfigurationList;
			buildConfigurations = (
				2C12D5E128ADD55A00D1CD1E /* Debug */,
				2C12D5E228ADD55A00D1CD1E /* Release */,
			);
			defaultConfigurationIsVisible = 0;
			defaultConfigurationName = Release;
		};
/* End XCConfigurationList section */
	};
	rootObject = 2C12D5CA28ADD55900D1CD1E /* Project object */;
}
