// !$*UTF8*$!
{
	archiveVersion = 1;
	classes = {
	};
	objectVersion = 55;
	objects = {

/* Begin PBXBuildFile section */
		2C2113B0287E0B68002B2772 /* WeSplitView.swift in Sources */ = {isa = PBXBuildFile; fileRef = 2C2113AF287E0B68002B2772 /* WeSplitView.swift */; };
		2C2113B4287E7021002B2772 /* String+Ext.swift in Sources */ = {isa = PBXBuildFile; fileRef = 2C2113B3287E7021002B2772 /* String+Ext.swift */; };
		2C2113B8287E70F5002B2772 /* Localizable.strings in Resources */ = {isa = PBXBuildFile; fileRef = 2C2113BA287E70F5002B2772 /* Localizable.strings */; };
		2C2113BD287F553A002B2772 /* CheckAmountInput.swift in Sources */ = {isa = PBXBuildFile; fileRef = 2C2113BC287F553A002B2772 /* CheckAmountInput.swift */; };
		2C2113BF287F5582002B2772 /* NumberOfPeoplePicker.swift in Sources */ = {isa = PBXBuildFile; fileRef = 2C2113BE287F5582002B2772 /* NumberOfPeoplePicker.swift */; };
		2C2113C3287F5DD7002B2772 /* TipPercentPicker.swift in Sources */ = {isa = PBXBuildFile; fileRef = 2C2113C2287F5DD7002B2772 /* TipPercentPicker.swift */; };
		2C2113C5287FA733002B2772 /* EmptyModifier.swift in Sources */ = {isa = PBXBuildFile; fileRef = 2C2113C4287FA733002B2772 /* EmptyModifier.swift */; };
		2C2113C7287FA819002B2772 /* View+Ext.swift in Sources */ = {isa = PBXBuildFile; fileRef = 2C2113C6287FA819002B2772 /* View+Ext.swift */; };
		2C2113CA287FADC7002B2772 /* Check.swift in Sources */ = {isa = PBXBuildFile; fileRef = 2C2113C9287FADC7002B2772 /* Check.swift */; };
		2C2C7AA7287E05D5001E8302 /* WeSplitApp.swift in Sources */ = {isa = PBXBuildFile; fileRef = 2C2C7AA6287E05D5001E8302 /* WeSplitApp.swift */; };
		2C2C7AA9287E05D5001E8302 /* ContentView.swift in Sources */ = {isa = PBXBuildFile; fileRef = 2C2C7AA8287E05D5001E8302 /* ContentView.swift */; };
		2C2C7AAB287E05D8001E8302 /* Assets.xcassets in Resources */ = {isa = PBXBuildFile; fileRef = 2C2C7AAA287E05D8001E8302 /* Assets.xcassets */; };
		2C2C7AAE287E05D8001E8302 /* Preview Assets.xcassets in Resources */ = {isa = PBXBuildFile; fileRef = 2C2C7AAD287E05D8001E8302 /* Preview Assets.xcassets */; };
/* End PBXBuildFile section */

/* Begin PBXFileReference section */
		2C2113AF287E0B68002B2772 /* WeSplitView.swift */ = {isa = PBXFileReference; lastKnownFileType = sourcecode.swift; path = WeSplitView.swift; sourceTree = "<group>"; };
		2C2113B3287E7021002B2772 /* String+Ext.swift */ = {isa = PBXFileReference; lastKnownFileType = sourcecode.swift; path = "String+Ext.swift"; sourceTree = "<group>"; };
		2C2113B9287E70F5002B2772 /* en */ = {isa = PBXFileReference; lastKnownFileType = text.plist.strings; name = en; path = en.lproj/Localizable.strings; sourceTree = "<group>"; };
		2C2113BB287E70F7002B2772 /* vi */ = {isa = PBXFileReference; lastKnownFileType = text.plist.strings; name = vi; path = vi.lproj/Localizable.strings; sourceTree = "<group>"; usesTabs = 1; };
		2C2113BC287F553A002B2772 /* CheckAmountInput.swift */ = {isa = PBXFileReference; lastKnownFileType = sourcecode.swift; path = CheckAmountInput.swift; sourceTree = "<group>"; };
		2C2113BE287F5582002B2772 /* NumberOfPeoplePicker.swift */ = {isa = PBXFileReference; lastKnownFileType = sourcecode.swift; path = NumberOfPeoplePicker.swift; sourceTree = "<group>"; };
		2C2113C2287F5DD7002B2772 /* TipPercentPicker.swift */ = {isa = PBXFileReference; lastKnownFileType = sourcecode.swift; path = TipPercentPicker.swift; sourceTree = "<group>"; };
		2C2113C4287FA733002B2772 /* EmptyModifier.swift */ = {isa = PBXFileReference; lastKnownFileType = sourcecode.swift; path = EmptyModifier.swift; sourceTree = "<group>"; };
		2C2113C6287FA819002B2772 /* View+Ext.swift */ = {isa = PBXFileReference; lastKnownFileType = sourcecode.swift; path = "View+Ext.swift"; sourceTree = "<group>"; };
		2C2113C9287FADC7002B2772 /* Check.swift */ = {isa = PBXFileReference; lastKnownFileType = sourcecode.swift; path = Check.swift; sourceTree = "<group>"; };
		2C2C7AA3287E05D5001E8302 /* WeSplit.app */ = {isa = PBXFileReference; explicitFileType = wrapper.application; includeInIndex = 0; path = WeSplit.app; sourceTree = BUILT_PRODUCTS_DIR; };
		2C2C7AA6287E05D5001E8302 /* WeSplitApp.swift */ = {isa = PBXFileReference; lastKnownFileType = sourcecode.swift; path = WeSplitApp.swift; sourceTree = "<group>"; };
		2C2C7AA8287E05D5001E8302 /* ContentView.swift */ = {isa = PBXFileReference; lastKnownFileType = sourcecode.swift; path = ContentView.swift; sourceTree = "<group>"; };
		2C2C7AAA287E05D8001E8302 /* Assets.xcassets */ = {isa = PBXFileReference; lastKnownFileType = folder.assetcatalog; path = Assets.xcassets; sourceTree = "<group>"; };
		2C2C7AAD287E05D8001E8302 /* Preview Assets.xcassets */ = {isa = PBXFileReference; lastKnownFileType = folder.assetcatalog; path = "Preview Assets.xcassets"; sourceTree = "<group>"; };
/* End PBXFileReference section */

/* Begin PBXFrameworksBuildPhase section */
		2C2C7AA0287E05D5001E8302 /* Frameworks */ = {
			isa = PBXFrameworksBuildPhase;
			buildActionMask = 2147483647;
			files = (
			);
			runOnlyForDeploymentPostprocessing = 0;
		};
/* End PBXFrameworksBuildPhase section */

/* Begin PBXGroup section */
		2C2113B1287E0C03002B2772 /* Views */ = {
			isa = PBXGroup;
			children = (
				2C2113AF287E0B68002B2772 /* WeSplitView.swift */,
				2C2113BC287F553A002B2772 /* CheckAmountInput.swift */,
				2C2113BE287F5582002B2772 /* NumberOfPeoplePicker.swift */,
				2C2113C2287F5DD7002B2772 /* TipPercentPicker.swift */,
				2C2113C4287FA733002B2772 /* EmptyModifier.swift */,
			);
			path = Views;
			sourceTree = "<group>";
		};
		2C2113B2287E7014002B2772 /* Extensions */ = {
			isa = PBXGroup;
			children = (
				2C2113B3287E7021002B2772 /* String+Ext.swift */,
				2C2113C6287FA819002B2772 /* View+Ext.swift */,
			);
			path = Extensions;
			sourceTree = "<group>";
		};
		2C2113B5287E70B9002B2772 /* Resources */ = {
			isa = PBXGroup;
			children = (
				2C2113BA287E70F5002B2772 /* Localizable.strings */,
			);
			path = Resources;
			sourceTree = "<group>";
		};
		2C2113C8287FAD9D002B2772 /* Model */ = {
			isa = PBXGroup;
			children = (
				2C2113C9287FADC7002B2772 /* Check.swift */,
			);
			path = Model;
			sourceTree = "<group>";
		};
		2C2C7A9A287E05D5001E8302 = {
			isa = PBXGroup;
			children = (
				2C2C7AA5287E05D5001E8302 /* WeSplit */,
				2C2C7AA4287E05D5001E8302 /* Products */,
			);
			sourceTree = "<group>";
		};
		2C2C7AA4287E05D5001E8302 /* Products */ = {
			isa = PBXGroup;
			children = (
				2C2C7AA3287E05D5001E8302 /* WeSplit.app */,
			);
			name = Products;
			sourceTree = "<group>";
		};
		2C2C7AA5287E05D5001E8302 /* WeSplit */ = {
			isa = PBXGroup;
			children = (
				2C2C7AA6287E05D5001E8302 /* WeSplitApp.swift */,
				2C2C7AA8287E05D5001E8302 /* ContentView.swift */,
				2C2113B5287E70B9002B2772 /* Resources */,
				2C2113B2287E7014002B2772 /* Extensions */,
				2C2113C8287FAD9D002B2772 /* Model */,
				2C2113B1287E0C03002B2772 /* Views */,
				2C2C7AAA287E05D8001E8302 /* Assets.xcassets */,
				2C2C7AAC287E05D8001E8302 /* Preview Content */,
			);
			path = WeSplit;
			sourceTree = "<group>";
		};
		2C2C7AAC287E05D8001E8302 /* Preview Content */ = {
			isa = PBXGroup;
			children = (
				2C2C7AAD287E05D8001E8302 /* Preview Assets.xcassets */,
			);
			path = "Preview Content";
			sourceTree = "<group>";
		};
/* End PBXGroup section */

/* Begin PBXNativeTarget section */
		2C2C7AA2287E05D5001E8302 /* WeSplit */ = {
			isa = PBXNativeTarget;
			buildConfigurationList = 2C2C7AB1287E05D8001E8302 /* Build configuration list for PBXNativeTarget "WeSplit" */;
			buildPhases = (
				2C2C7A9F287E05D5001E8302 /* Sources */,
				2C2C7AA0287E05D5001E8302 /* Frameworks */,
				2C2C7AA1287E05D5001E8302 /* Resources */,
			);
			buildRules = (
			);
			dependencies = (
			);
			name = WeSplit;
			productName = WeSplit;
			productReference = 2C2C7AA3287E05D5001E8302 /* WeSplit.app */;
			productType = "com.apple.product-type.application";
		};
/* End PBXNativeTarget section */

/* Begin PBXProject section */
		2C2C7A9B287E05D5001E8302 /* Project object */ = {
			isa = PBXProject;
			attributes = {
				BuildIndependentTargetsInParallel = 1;
				LastSwiftUpdateCheck = 1340;
				LastUpgradeCheck = 1340;
				TargetAttributes = {
					2C2C7AA2287E05D5001E8302 = {
						CreatedOnToolsVersion = 13.4.1;
					};
				};
			};
			buildConfigurationList = 2C2C7A9E287E05D5001E8302 /* Build configuration list for PBXProject "WeSplit" */;
			compatibilityVersion = "Xcode 13.0";
			developmentRegion = en;
			hasScannedForEncodings = 0;
			knownRegions = (
				en,
				Base,
				vi,
			);
			mainGroup = 2C2C7A9A287E05D5001E8302;
			productRefGroup = 2C2C7AA4287E05D5001E8302 /* Products */;
			projectDirPath = "";
			projectRoot = "";
			targets = (
				2C2C7AA2287E05D5001E8302 /* WeSplit */,
			);
		};
/* End PBXProject section */

/* Begin PBXResourcesBuildPhase section */
		2C2C7AA1287E05D5001E8302 /* Resources */ = {
			isa = PBXResourcesBuildPhase;
			buildActionMask = 2147483647;
			files = (
				2C2C7AAE287E05D8001E8302 /* Preview Assets.xcassets in Resources */,
				2C2113B8287E70F5002B2772 /* Localizable.strings in Resources */,
				2C2C7AAB287E05D8001E8302 /* Assets.xcassets in Resources */,
			);
			runOnlyForDeploymentPostprocessing = 0;
		};
/* End PBXResourcesBuildPhase section */

/* Begin PBXSourcesBuildPhase section */
		2C2C7A9F287E05D5001E8302 /* Sources */ = {
			isa = PBXSourcesBuildPhase;
			buildActionMask = 2147483647;
			files = (
				2C2113BF287F5582002B2772 /* NumberOfPeoplePicker.swift in Sources */,
				2C2113B0287E0B68002B2772 /* WeSplitView.swift in Sources */,
				2C2113CA287FADC7002B2772 /* Check.swift in Sources */,
				2C2113C7287FA819002B2772 /* View+Ext.swift in Sources */,
				2C2113BD287F553A002B2772 /* CheckAmountInput.swift in Sources */,
				2C2113C3287F5DD7002B2772 /* TipPercentPicker.swift in Sources */,
				2C2113C5287FA733002B2772 /* EmptyModifier.swift in Sources */,
				2C2C7AA9287E05D5001E8302 /* ContentView.swift in Sources */,
				2C2113B4287E7021002B2772 /* String+Ext.swift in Sources */,
				2C2C7AA7287E05D5001E8302 /* WeSplitApp.swift in Sources */,
			);
			runOnlyForDeploymentPostprocessing = 0;
		};
/* End PBXSourcesBuildPhase section */

/* Begin PBXVariantGroup section */
		2C2113BA287E70F5002B2772 /* Localizable.strings */ = {
			isa = PBXVariantGroup;
			children = (
				2C2113B9287E70F5002B2772 /* en */,
				2C2113BB287E70F7002B2772 /* vi */,
			);
			name = Localizable.strings;
			sourceTree = "<group>";
		};
/* End PBXVariantGroup section */

/* Begin XCBuildConfiguration section */
		2C2C7AAF287E05D8001E8302 /* Debug */ = {
			isa = XCBuildConfiguration;
			buildSettings = {
				ALWAYS_SEARCH_USER_PATHS = NO;
				CLANG_ANALYZER_NONNULL = YES;
				CLANG_ANALYZER_NUMBER_OBJECT_CONVERSION = YES_AGGRESSIVE;
				CLANG_CXX_LANGUAGE_STANDARD = "gnu++17";
				CLANG_ENABLE_MODULES = YES;
				CLANG_ENABLE_OBJC_ARC = YES;
				CLANG_ENABLE_OBJC_WEAK = YES;
				CLANG_WARN_BLOCK_CAPTURE_AUTORELEASING = YES;
				CLANG_WARN_BOOL_CONVERSION = YES;
				CLANG_WARN_COMMA = YES;
				CLANG_WARN_CONSTANT_CONVERSION = YES;
				CLANG_WARN_DEPRECATED_OBJC_IMPLEMENTATIONS = YES;
				CLANG_WARN_DIRECT_OBJC_ISA_USAGE = YES_ERROR;
				CLANG_WARN_DOCUMENTATION_COMMENTS = YES;
				CLANG_WARN_EMPTY_BODY = YES;
				CLANG_WARN_ENUM_CONVERSION = YES;
				CLANG_WARN_INFINITE_RECURSION = YES;
				CLANG_WARN_INT_CONVERSION = YES;
				CLANG_WARN_NON_LITERAL_NULL_CONVERSION = YES;
				CLANG_WARN_OBJC_IMPLICIT_RETAIN_SELF = YES;
				CLANG_WARN_OBJC_LITERAL_CONVERSION = YES;
				CLANG_WARN_OBJC_ROOT_CLASS = YES_ERROR;
				CLANG_WARN_QUOTED_INCLUDE_IN_FRAMEWORK_HEADER = YES;
				CLANG_WARN_RANGE_LOOP_ANALYSIS = YES;
				CLANG_WARN_STRICT_PROTOTYPES = YES;
				CLANG_WARN_SUSPICIOUS_MOVE = YES;
				CLANG_WARN_UNGUARDED_AVAILABILITY = YES_AGGRESSIVE;
				CLANG_WARN_UNREACHABLE_CODE = YES;
				CLANG_WARN__DUPLICATE_METHOD_MATCH = YES;
				COPY_PHASE_STRIP = NO;
				DEBUG_INFORMATION_FORMAT = dwarf;
				ENABLE_STRICT_OBJC_MSGSEND = YES;
				ENABLE_TESTABILITY = YES;
				GCC_C_LANGUAGE_STANDARD = gnu11;
				GCC_DYNAMIC_NO_PIC = NO;
				GCC_NO_COMMON_BLOCKS = YES;
				GCC_OPTIMIZATION_LEVEL = 0;
				GCC_PREPROCESSOR_DEFINITIONS = (
					"DEBUG=1",
					"$(inherited)",
				);
				GCC_WARN_64_TO_32_BIT_CONVERSION = YES;
				GCC_WARN_ABOUT_RETURN_TYPE = YES_ERROR;
				GCC_WARN_UNDECLARED_SELECTOR = YES;
				GCC_WARN_UNINITIALIZED_AUTOS = YES_AGGRESSIVE;
				GCC_WARN_UNUSED_FUNCTION = YES;
				GCC_WARN_UNUSED_VARIABLE = YES;
				IPHONEOS_DEPLOYMENT_TARGET = 15.5;
				MTL_ENABLE_DEBUG_INFO = INCLUDE_SOURCE;
				MTL_FAST_MATH = YES;
				ONLY_ACTIVE_ARCH = YES;
				SDKROOT = iphoneos;
				SWIFT_ACTIVE_COMPILATION_CONDITIONS = DEBUG;
				SWIFT_OPTIMIZATION_LEVEL = "-Onone";
			};
			name = Debug;
		};
		2C2C7AB0287E05D8001E8302 /* Release */ = {
			isa = XCBuildConfiguration;
			buildSettings = {
				ALWAYS_SEARCH_USER_PATHS = NO;
				CLANG_ANALYZER_NONNULL = YES;
				CLANG_ANALYZER_NUMBER_OBJECT_CONVERSION = YES_AGGRESSIVE;
				CLANG_CXX_LANGUAGE_STANDARD = "gnu++17";
				CLANG_ENABLE_MODULES = YES;
				CLANG_ENABLE_OBJC_ARC = YES;
				CLANG_ENABLE_OBJC_WEAK = YES;
				CLANG_WARN_BLOCK_CAPTURE_AUTORELEASING = YES;
				CLANG_WARN_BOOL_CONVERSION = YES;
				CLANG_WARN_COMMA = YES;
				CLANG_WARN_CONSTANT_CONVERSION = YES;
				CLANG_WARN_DEPRECATED_OBJC_IMPLEMENTATIONS = YES;
				CLANG_WARN_DIRECT_OBJC_ISA_USAGE = YES_ERROR;
				CLANG_WARN_DOCUMENTATION_COMMENTS = YES;
				CLANG_WARN_EMPTY_BODY = YES;
				CLANG_WARN_ENUM_CONVERSION = YES;
				CLANG_WARN_INFINITE_RECURSION = YES;
				CLANG_WARN_INT_CONVERSION = YES;
				CLANG_WARN_NON_LITERAL_NULL_CONVERSION = YES;
				CLANG_WARN_OBJC_IMPLICIT_RETAIN_SELF = YES;
				CLANG_WARN_OBJC_LITERAL_CONVERSION = YES;
				CLANG_WARN_OBJC_ROOT_CLASS = YES_ERROR;
				CLANG_WARN_QUOTED_INCLUDE_IN_FRAMEWORK_HEADER = YES;
				CLANG_WARN_RANGE_LOOP_ANALYSIS = YES;
				CLANG_WARN_STRICT_PROTOTYPES = YES;
				CLANG_WARN_SUSPICIOUS_MOVE = YES;
				CLANG_WARN_UNGUARDED_AVAILABILITY = YES_AGGRESSIVE;
				CLANG_WARN_UNREACHABLE_CODE = YES;
				CLANG_WARN__DUPLICATE_METHOD_MATCH = YES;
				COPY_PHASE_STRIP = NO;
				DEBUG_INFORMATION_FORMAT = "dwarf-with-dsym";
				ENABLE_NS_ASSERTIONS = NO;
				ENABLE_STRICT_OBJC_MSGSEND = YES;
				GCC_C_LANGUAGE_STANDARD = gnu11;
				GCC_NO_COMMON_BLOCKS = YES;
				GCC_WARN_64_TO_32_BIT_CONVERSION = YES;
				GCC_WARN_ABOUT_RETURN_TYPE = YES_ERROR;
				GCC_WARN_UNDECLARED_SELECTOR = YES;
				GCC_WARN_UNINITIALIZED_AUTOS = YES_AGGRESSIVE;
				GCC_WARN_UNUSED_FUNCTION = YES;
				GCC_WARN_UNUSED_VARIABLE = YES;
				IPHONEOS_DEPLOYMENT_TARGET = 15.5;
				MTL_ENABLE_DEBUG_INFO = NO;
				MTL_FAST_MATH = YES;
				SDKROOT = iphoneos;
				SWIFT_COMPILATION_MODE = wholemodule;
				SWIFT_OPTIMIZATION_LEVEL = "-O";
				VALIDATE_PRODUCT = YES;
			};
			name = Release;
		};
		2C2C7AB2287E05D8001E8302 /* Debug */ = {
			isa = XCBuildConfiguration;
			buildSettings = {
				ASSETCATALOG_COMPILER_APPICON_NAME = AppIcon;
				ASSETCATALOG_COMPILER_GLOBAL_ACCENT_COLOR_NAME = AccentColor;
				CODE_SIGN_STYLE = Automatic;
				CURRENT_PROJECT_VERSION = 1;
				DEVELOPMENT_ASSET_PATHS = "\"WeSplit/Preview Content\"";
				DEVELOPMENT_TEAM = 8R3P49X4ZM;
				ENABLE_PREVIEWS = YES;
				GENERATE_INFOPLIST_FILE = YES;
				INFOPLIST_KEY_UIApplicationSceneManifest_Generation = YES;
				INFOPLIST_KEY_UIApplicationSupportsIndirectInputEvents = YES;
				INFOPLIST_KEY_UILaunchScreen_Generation = YES;
				INFOPLIST_KEY_UISupportedInterfaceOrientations = UIInterfaceOrientationPortrait;
				INFOPLIST_KEY_UISupportedInterfaceOrientations_iPad = "UIInterfaceOrientationPortrait UIInterfaceOrientationPortraitUpsideDown UIInterfaceOrientationLandscapeLeft UIInterfaceOrientationLandscapeRight";
				INFOPLIST_KEY_UISupportedInterfaceOrientations_iPhone = "UIInterfaceOrientationPortrait UIInterfaceOrientationLandscapeLeft UIInterfaceOrientationLandscapeRight";
				LD_RUNPATH_SEARCH_PATHS = (
					"$(inherited)",
					"@executable_path/Frameworks",
				);
				MARKETING_VERSION = 1.0;
				PRODUCT_BUNDLE_IDENTIFIER = io.github.rungxanh1995.WeSplit;
				PRODUCT_NAME = "$(TARGET_NAME)";
				SWIFT_EMIT_LOC_STRINGS = YES;
				SWIFT_VERSION = 5.0;
				TARGETED_DEVICE_FAMILY = "1,2";
			};
			name = Debug;
		};
		2C2C7AB3287E05D8001E8302 /* Release */ = {
			isa = XCBuildConfiguration;
			buildSettings = {
				ASSETCATALOG_COMPILER_APPICON_NAME = AppIcon;
				ASSETCATALOG_COMPILER_GLOBAL_ACCENT_COLOR_NAME = AccentColor;
				CODE_SIGN_STYLE = Automatic;
				CURRENT_PROJECT_VERSION = 1;
				DEVELOPMENT_ASSET_PATHS = "\"WeSplit/Preview Content\"";
				DEVELOPMENT_TEAM = 8R3P49X4ZM;
				ENABLE_PREVIEWS = YES;
				GENERATE_INFOPLIST_FILE = YES;
				INFOPLIST_KEY_UIApplicationSceneManifest_Generation = YES;
				INFOPLIST_KEY_UIApplicationSupportsIndirectInputEvents = YES;
				INFOPLIST_KEY_UILaunchScreen_Generation = YES;
				INFOPLIST_KEY_UISupportedInterfaceOrientations = UIInterfaceOrientationPortrait;
				INFOPLIST_KEY_UISupportedInterfaceOrientations_iPad = "UIInterfaceOrientationPortrait UIInterfaceOrientationPortraitUpsideDown UIInterfaceOrientationLandscapeLeft UIInterfaceOrientationLandscapeRight";
				INFOPLIST_KEY_UISupportedInterfaceOrientations_iPhone = "UIInterfaceOrientationPortrait UIInterfaceOrientationLandscapeLeft UIInterfaceOrientationLandscapeRight";
				LD_RUNPATH_SEARCH_PATHS = (
					"$(inherited)",
					"@executable_path/Frameworks",
				);
				MARKETING_VERSION = 1.0;
				PRODUCT_BUNDLE_IDENTIFIER = io.github.rungxanh1995.WeSplit;
				PRODUCT_NAME = "$(TARGET_NAME)";
				SWIFT_EMIT_LOC_STRINGS = YES;
				SWIFT_VERSION = 5.0;
				TARGETED_DEVICE_FAMILY = "1,2";
			};
			name = Release;
		};
/* End XCBuildConfiguration section */

/* Begin XCConfigurationList section */
		2C2C7A9E287E05D5001E8302 /* Build configuration list for PBXProject "WeSplit" */ = {
			isa = XCConfigurationList;
			buildConfigurations = (
				2C2C7AAF287E05D8001E8302 /* Debug */,
				2C2C7AB0287E05D8001E8302 /* Release */,
			);
			defaultConfigurationIsVisible = 0;
			defaultConfigurationName = Release;
		};
		2C2C7AB1287E05D8001E8302 /* Build configuration list for PBXNativeTarget "WeSplit" */ = {
			isa = XCConfigurationList;
			buildConfigurations = (
				2C2C7AB2287E05D8001E8302 /* Debug */,
				2C2C7AB3287E05D8001E8302 /* Release */,
			);
			defaultConfigurationIsVisible = 0;
			defaultConfigurationName = Release;
		};
/* End XCConfigurationList section */
	};
	rootObject = 2C2C7A9B287E05D5001E8302 /* Project object */;
}
