// !$*UTF8*$!
{
	archiveVersion = 1;
	classes = {
	};
	objectVersion = 55;
	objects = {

/* Begin PBXBuildFile section */
		2C50F72E28BFA41100F15D4B /* SocialieApp.swift in Sources */ = {isa = PBXBuildFile; fileRef = 2C50F72D28BFA41100F15D4B /* SocialieApp.swift */; };
		2C50F73028BFA41100F15D4B /* ContentView.swift in Sources */ = {isa = PBXBuildFile; fileRef = 2C50F72F28BFA41100F15D4B /* ContentView.swift */; };
		2C50F73228BFA41200F15D4B /* Assets.xcassets in Resources */ = {isa = PBXBuildFile; fileRef = 2C50F73128BFA41200F15D4B /* Assets.xcassets */; };
		2C50F73528BFA41200F15D4B /* Preview Assets.xcassets in Resources */ = {isa = PBXBuildFile; fileRef = 2C50F73428BFA41200F15D4B /* Preview Assets.xcassets */; };
		2C50F73D28BFA68800F15D4B /* User.swift in Sources */ = {isa = PBXBuildFile; fileRef = 2C50F73C28BFA68800F15D4B /* User.swift */; };
		2C50F74028BFA7D200F15D4B /* Constants.swift in Sources */ = {isa = PBXBuildFile; fileRef = 2C50F73F28BFA7D200F15D4B /* Constants.swift */; };
		2C50F74328BFAA4600F15D4B /* URLSession+Ext.swift in Sources */ = {isa = PBXBuildFile; fileRef = 2C50F74228BFAA4600F15D4B /* URLSession+Ext.swift */; };
		2C50F74628BFADD100F15D4B /* ApiService.swift in Sources */ = {isa = PBXBuildFile; fileRef = 2C50F74528BFADD100F15D4B /* ApiService.swift */; };
/* End PBXBuildFile section */

/* Begin PBXFileReference section */
		2C50F72A28BFA41100F15D4B /* Socialie.app */ = {isa = PBXFileReference; explicitFileType = wrapper.application; includeInIndex = 0; path = Socialie.app; sourceTree = BUILT_PRODUCTS_DIR; };
		2C50F72D28BFA41100F15D4B /* SocialieApp.swift */ = {isa = PBXFileReference; lastKnownFileType = sourcecode.swift; path = SocialieApp.swift; sourceTree = "<group>"; };
		2C50F72F28BFA41100F15D4B /* ContentView.swift */ = {isa = PBXFileReference; lastKnownFileType = sourcecode.swift; path = ContentView.swift; sourceTree = "<group>"; };
		2C50F73128BFA41200F15D4B /* Assets.xcassets */ = {isa = PBXFileReference; lastKnownFileType = folder.assetcatalog; path = Assets.xcassets; sourceTree = "<group>"; };
		2C50F73428BFA41200F15D4B /* Preview Assets.xcassets */ = {isa = PBXFileReference; lastKnownFileType = folder.assetcatalog; path = "Preview Assets.xcassets"; sourceTree = "<group>"; };
		2C50F73C28BFA68800F15D4B /* User.swift */ = {isa = PBXFileReference; lastKnownFileType = sourcecode.swift; path = User.swift; sourceTree = "<group>"; };
		2C50F73F28BFA7D200F15D4B /* Constants.swift */ = {isa = PBXFileReference; lastKnownFileType = sourcecode.swift; path = Constants.swift; sourceTree = "<group>"; };
		2C50F74228BFAA4600F15D4B /* URLSession+Ext.swift */ = {isa = PBXFileReference; lastKnownFileType = sourcecode.swift; path = "URLSession+Ext.swift"; sourceTree = "<group>"; };
		2C50F74528BFADD100F15D4B /* ApiService.swift */ = {isa = PBXFileReference; lastKnownFileType = sourcecode.swift; path = ApiService.swift; sourceTree = "<group>"; };
/* End PBXFileReference section */

/* Begin PBXFrameworksBuildPhase section */
		2C50F72728BFA41100F15D4B /* Frameworks */ = {
			isa = PBXFrameworksBuildPhase;
			buildActionMask = 2147483647;
			files = (
			);
			runOnlyForDeploymentPostprocessing = 0;
		};
/* End PBXFrameworksBuildPhase section */

/* Begin PBXGroup section */
		2C50F72128BFA41100F15D4B = {
			isa = PBXGroup;
			children = (
				2C50F72C28BFA41100F15D4B /* Socialie */,
				2C50F72B28BFA41100F15D4B /* Products */,
			);
			sourceTree = "<group>";
		};
		2C50F72B28BFA41100F15D4B /* Products */ = {
			isa = PBXGroup;
			children = (
				2C50F72A28BFA41100F15D4B /* Socialie.app */,
			);
			name = Products;
			sourceTree = "<group>";
		};
		2C50F72C28BFA41100F15D4B /* Socialie */ = {
			isa = PBXGroup;
			children = (
				2C50F72D28BFA41100F15D4B /* SocialieApp.swift */,
				2C50F72F28BFA41100F15D4B /* ContentView.swift */,
				2C50F74428BFADC600F15D4B /* Service */,
				2C50F73B28BFA67800F15D4B /* Models */,
				2C50F73E28BFA7C600F15D4B /* Utils */,
				2C50F73128BFA41200F15D4B /* Assets.xcassets */,
				2C50F73328BFA41200F15D4B /* Preview Content */,
			);
			path = Socialie;
			sourceTree = "<group>";
		};
		2C50F73328BFA41200F15D4B /* Preview Content */ = {
			isa = PBXGroup;
			children = (
				2C50F73428BFA41200F15D4B /* Preview Assets.xcassets */,
			);
			path = "Preview Content";
			sourceTree = "<group>";
		};
		2C50F73B28BFA67800F15D4B /* Models */ = {
			isa = PBXGroup;
			children = (
				2C50F73C28BFA68800F15D4B /* User.swift */,
			);
			path = Models;
			sourceTree = "<group>";
		};
		2C50F73E28BFA7C600F15D4B /* Utils */ = {
			isa = PBXGroup;
			children = (
				2C50F74128BFAA3900F15D4B /* Extensions */,
				2C50F73F28BFA7D200F15D4B /* Constants.swift */,
			);
			path = Utils;
			sourceTree = "<group>";
		};
		2C50F74128BFAA3900F15D4B /* Extensions */ = {
			isa = PBXGroup;
			children = (
				2C50F74228BFAA4600F15D4B /* URLSession+Ext.swift */,
			);
			path = Extensions;
			sourceTree = "<group>";
		};
		2C50F74428BFADC600F15D4B /* Service */ = {
			isa = PBXGroup;
			children = (
				2C50F74528BFADD100F15D4B /* ApiService.swift */,
			);
			path = Service;
			sourceTree = "<group>";
		};
/* End PBXGroup section */

/* Begin PBXNativeTarget section */
		2C50F72928BFA41100F15D4B /* Socialie */ = {
			isa = PBXNativeTarget;
			buildConfigurationList = 2C50F73828BFA41200F15D4B /* Build configuration list for PBXNativeTarget "Socialie" */;
			buildPhases = (
				2C50F72628BFA41100F15D4B /* Sources */,
				2C50F72728BFA41100F15D4B /* Frameworks */,
				2C50F72828BFA41100F15D4B /* Resources */,
			);
			buildRules = (
			);
			dependencies = (
			);
			name = Socialie;
			productName = Socialie;
			productReference = 2C50F72A28BFA41100F15D4B /* Socialie.app */;
			productType = "com.apple.product-type.application";
		};
/* End PBXNativeTarget section */

/* Begin PBXProject section */
		2C50F72228BFA41100F15D4B /* Project object */ = {
			isa = PBXProject;
			attributes = {
				BuildIndependentTargetsInParallel = 1;
				LastSwiftUpdateCheck = 1340;
				LastUpgradeCheck = 1340;
				TargetAttributes = {
					2C50F72928BFA41100F15D4B = {
						CreatedOnToolsVersion = 13.4.1;
					};
				};
			};
			buildConfigurationList = 2C50F72528BFA41100F15D4B /* Build configuration list for PBXProject "Socialie" */;
			compatibilityVersion = "Xcode 13.0";
			developmentRegion = en;
			hasScannedForEncodings = 0;
			knownRegions = (
				en,
				Base,
			);
			mainGroup = 2C50F72128BFA41100F15D4B;
			productRefGroup = 2C50F72B28BFA41100F15D4B /* Products */;
			projectDirPath = "";
			projectRoot = "";
			targets = (
				2C50F72928BFA41100F15D4B /* Socialie */,
			);
		};
/* End PBXProject section */

/* Begin PBXResourcesBuildPhase section */
		2C50F72828BFA41100F15D4B /* Resources */ = {
			isa = PBXResourcesBuildPhase;
			buildActionMask = 2147483647;
			files = (
				2C50F73528BFA41200F15D4B /* Preview Assets.xcassets in Resources */,
				2C50F73228BFA41200F15D4B /* Assets.xcassets in Resources */,
			);
			runOnlyForDeploymentPostprocessing = 0;
		};
/* End PBXResourcesBuildPhase section */

/* Begin PBXSourcesBuildPhase section */
		2C50F72628BFA41100F15D4B /* Sources */ = {
			isa = PBXSourcesBuildPhase;
			buildActionMask = 2147483647;
			files = (
				2C50F73028BFA41100F15D4B /* ContentView.swift in Sources */,
				2C50F72E28BFA41100F15D4B /* SocialieApp.swift in Sources */,
				2C50F74628BFADD100F15D4B /* ApiService.swift in Sources */,
				2C50F73D28BFA68800F15D4B /* User.swift in Sources */,
				2C50F74328BFAA4600F15D4B /* URLSession+Ext.swift in Sources */,
				2C50F74028BFA7D200F15D4B /* Constants.swift in Sources */,
			);
			runOnlyForDeploymentPostprocessing = 0;
		};
/* End PBXSourcesBuildPhase section */

/* Begin XCBuildConfiguration section */
		2C50F73628BFA41200F15D4B /* Debug */ = {
			isa = XCBuildConfiguration;
			buildSettings = {
				ALWAYS_SEARCH_USER_PATHS = NO;
				CLANG_ANALYZER_NONNULL = YES;
				CLANG_ANALYZER_NUMBER_OBJECT_CONVERSION = YES_AGGRESSIVE;
				CLANG_CXX_LANGUAGE_STANDARD = "gnu++17";
				CLANG_ENABLE_MODULES = YES;
				CLANG_ENABLE_OBJC_ARC = YES;
				CLANG_ENABLE_OBJC_WEAK = YES;
				CLANG_WARN_BLOCK_CAPTURE_AUTORELEASING = YES;
				CLANG_WARN_BOOL_CONVERSION = YES;
				CLANG_WARN_COMMA = YES;
				CLANG_WARN_CONSTANT_CONVERSION = YES;
				CLANG_WARN_DEPRECATED_OBJC_IMPLEMENTATIONS = YES;
				CLANG_WARN_DIRECT_OBJC_ISA_USAGE = YES_ERROR;
				CLANG_WARN_DOCUMENTATION_COMMENTS = YES;
				CLANG_WARN_EMPTY_BODY = YES;
				CLANG_WARN_ENUM_CONVERSION = YES;
				CLANG_WARN_INFINITE_RECURSION = YES;
				CLANG_WARN_INT_CONVERSION = YES;
				CLANG_WARN_NON_LITERAL_NULL_CONVERSION = YES;
				CLANG_WARN_OBJC_IMPLICIT_RETAIN_SELF = YES;
				CLANG_WARN_OBJC_LITERAL_CONVERSION = YES;
				CLANG_WARN_OBJC_ROOT_CLASS = YES_ERROR;
				CLANG_WARN_QUOTED_INCLUDE_IN_FRAMEWORK_HEADER = YES;
				CLANG_WARN_RANGE_LOOP_ANALYSIS = YES;
				CLANG_WARN_STRICT_PROTOTYPES = YES;
				CLANG_WARN_SUSPICIOUS_MOVE = YES;
				CLANG_WARN_UNGUARDED_AVAILABILITY = YES_AGGRESSIVE;
				CLANG_WARN_UNREACHABLE_CODE = YES;
				CLANG_WARN__DUPLICATE_METHOD_MATCH = YES;
				COPY_PHASE_STRIP = NO;
				DEBUG_INFORMATION_FORMAT = dwarf;
				ENABLE_STRICT_OBJC_MSGSEND = YES;
				ENABLE_TESTABILITY = YES;
				GCC_C_LANGUAGE_STANDARD = gnu11;
				GCC_DYNAMIC_NO_PIC = NO;
				GCC_NO_COMMON_BLOCKS = YES;
				GCC_OPTIMIZATION_LEVEL = 0;
				GCC_PREPROCESSOR_DEFINITIONS = (
					"DEBUG=1",
					"$(inherited)",
				);
				GCC_WARN_64_TO_32_BIT_CONVERSION = YES;
				GCC_WARN_ABOUT_RETURN_TYPE = YES_ERROR;
				GCC_WARN_UNDECLARED_SELECTOR = YES;
				GCC_WARN_UNINITIALIZED_AUTOS = YES_AGGRESSIVE;
				GCC_WARN_UNUSED_FUNCTION = YES;
				GCC_WARN_UNUSED_VARIABLE = YES;
				IPHONEOS_DEPLOYMENT_TARGET = 15.5;
				MTL_ENABLE_DEBUG_INFO = INCLUDE_SOURCE;
				MTL_FAST_MATH = YES;
				ONLY_ACTIVE_ARCH = YES;
				SDKROOT = iphoneos;
				SWIFT_ACTIVE_COMPILATION_CONDITIONS = DEBUG;
				SWIFT_OPTIMIZATION_LEVEL = "-Onone";
			};
			name = Debug;
		};
		2C50F73728BFA41200F15D4B /* Release */ = {
			isa = XCBuildConfiguration;
			buildSettings = {
				ALWAYS_SEARCH_USER_PATHS = NO;
				CLANG_ANALYZER_NONNULL = YES;
				CLANG_ANALYZER_NUMBER_OBJECT_CONVERSION = YES_AGGRESSIVE;
				CLANG_CXX_LANGUAGE_STANDARD = "gnu++17";
				CLANG_ENABLE_MODULES = YES;
				CLANG_ENABLE_OBJC_ARC = YES;
				CLANG_ENABLE_OBJC_WEAK = YES;
				CLANG_WARN_BLOCK_CAPTURE_AUTORELEASING = YES;
				CLANG_WARN_BOOL_CONVERSION = YES;
				CLANG_WARN_COMMA = YES;
				CLANG_WARN_CONSTANT_CONVERSION = YES;
				CLANG_WARN_DEPRECATED_OBJC_IMPLEMENTATIONS = YES;
				CLANG_WARN_DIRECT_OBJC_ISA_USAGE = YES_ERROR;
				CLANG_WARN_DOCUMENTATION_COMMENTS = YES;
				CLANG_WARN_EMPTY_BODY = YES;
				CLANG_WARN_ENUM_CONVERSION = YES;
				CLANG_WARN_INFINITE_RECURSION = YES;
				CLANG_WARN_INT_CONVERSION = YES;
				CLANG_WARN_NON_LITERAL_NULL_CONVERSION = YES;
				CLANG_WARN_OBJC_IMPLICIT_RETAIN_SELF = YES;
				CLANG_WARN_OBJC_LITERAL_CONVERSION = YES;
				CLANG_WARN_OBJC_ROOT_CLASS = YES_ERROR;
				CLANG_WARN_QUOTED_INCLUDE_IN_FRAMEWORK_HEADER = YES;
				CLANG_WARN_RANGE_LOOP_ANALYSIS = YES;
				CLANG_WARN_STRICT_PROTOTYPES = YES;
				CLANG_WARN_SUSPICIOUS_MOVE = YES;
				CLANG_WARN_UNGUARDED_AVAILABILITY = YES_AGGRESSIVE;
				CLANG_WARN_UNREACHABLE_CODE = YES;
				CLANG_WARN__DUPLICATE_METHOD_MATCH = YES;
				COPY_PHASE_STRIP = NO;
				DEBUG_INFORMATION_FORMAT = "dwarf-with-dsym";
				ENABLE_NS_ASSERTIONS = NO;
				ENABLE_STRICT_OBJC_MSGSEND = YES;
				GCC_C_LANGUAGE_STANDARD = gnu11;
				GCC_NO_COMMON_BLOCKS = YES;
				GCC_WARN_64_TO_32_BIT_CONVERSION = YES;
				GCC_WARN_ABOUT_RETURN_TYPE = YES_ERROR;
				GCC_WARN_UNDECLARED_SELECTOR = YES;
				GCC_WARN_UNINITIALIZED_AUTOS = YES_AGGRESSIVE;
				GCC_WARN_UNUSED_FUNCTION = YES;
				GCC_WARN_UNUSED_VARIABLE = YES;
				IPHONEOS_DEPLOYMENT_TARGET = 15.5;
				MTL_ENABLE_DEBUG_INFO = NO;
				MTL_FAST_MATH = YES;
				SDKROOT = iphoneos;
				SWIFT_COMPILATION_MODE = wholemodule;
				SWIFT_OPTIMIZATION_LEVEL = "-O";
				VALIDATE_PRODUCT = YES;
			};
			name = Release;
		};
		2C50F73928BFA41200F15D4B /* Debug */ = {
			isa = XCBuildConfiguration;
			buildSettings = {
				ASSETCATALOG_COMPILER_APPICON_NAME = AppIcon;
				ASSETCATALOG_COMPILER_GLOBAL_ACCENT_COLOR_NAME = AccentColor;
				CODE_SIGN_STYLE = Automatic;
				CURRENT_PROJECT_VERSION = 1;
				DEVELOPMENT_ASSET_PATHS = "\"Socialie/Preview Content\"";
				DEVELOPMENT_TEAM = 8R3P49X4ZM;
				ENABLE_PREVIEWS = YES;
				GENERATE_INFOPLIST_FILE = YES;
				INFOPLIST_KEY_UIApplicationSceneManifest_Generation = YES;
				INFOPLIST_KEY_UIApplicationSupportsIndirectInputEvents = YES;
				INFOPLIST_KEY_UILaunchScreen_Generation = YES;
				INFOPLIST_KEY_UISupportedInterfaceOrientations_iPad = "UIInterfaceOrientationPortrait UIInterfaceOrientationPortraitUpsideDown UIInterfaceOrientationLandscapeLeft UIInterfaceOrientationLandscapeRight";
				INFOPLIST_KEY_UISupportedInterfaceOrientations_iPhone = "UIInterfaceOrientationPortrait UIInterfaceOrientationLandscapeLeft UIInterfaceOrientationLandscapeRight";
				LD_RUNPATH_SEARCH_PATHS = (
					"$(inherited)",
					"@executable_path/Frameworks",
				);
				MARKETING_VERSION = 1.0;
				PRODUCT_BUNDLE_IDENTIFIER = io.github.rungxanh1995.Socialie;
				PRODUCT_NAME = "$(TARGET_NAME)";
				SWIFT_EMIT_LOC_STRINGS = YES;
				SWIFT_VERSION = 5.0;
				TARGETED_DEVICE_FAMILY = 1;
			};
			name = Debug;
		};
		2C50F73A28BFA41200F15D4B /* Release */ = {
			isa = XCBuildConfiguration;
			buildSettings = {
				ASSETCATALOG_COMPILER_APPICON_NAME = AppIcon;
				ASSETCATALOG_COMPILER_GLOBAL_ACCENT_COLOR_NAME = AccentColor;
				CODE_SIGN_STYLE = Automatic;
				CURRENT_PROJECT_VERSION = 1;
				DEVELOPMENT_ASSET_PATHS = "\"Socialie/Preview Content\"";
				DEVELOPMENT_TEAM = 8R3P49X4ZM;
				ENABLE_PREVIEWS = YES;
				GENERATE_INFOPLIST_FILE = YES;
				INFOPLIST_KEY_UIApplicationSceneManifest_Generation = YES;
				INFOPLIST_KEY_UIApplicationSupportsIndirectInputEvents = YES;
				INFOPLIST_KEY_UILaunchScreen_Generation = YES;
				INFOPLIST_KEY_UISupportedInterfaceOrientations_iPad = "UIInterfaceOrientationPortrait UIInterfaceOrientationPortraitUpsideDown UIInterfaceOrientationLandscapeLeft UIInterfaceOrientationLandscapeRight";
				INFOPLIST_KEY_UISupportedInterfaceOrientations_iPhone = "UIInterfaceOrientationPortrait UIInterfaceOrientationLandscapeLeft UIInterfaceOrientationLandscapeRight";
				LD_RUNPATH_SEARCH_PATHS = (
					"$(inherited)",
					"@executable_path/Frameworks",
				);
				MARKETING_VERSION = 1.0;
				PRODUCT_BUNDLE_IDENTIFIER = io.github.rungxanh1995.Socialie;
				PRODUCT_NAME = "$(TARGET_NAME)";
				SWIFT_EMIT_LOC_STRINGS = YES;
				SWIFT_VERSION = 5.0;
				TARGETED_DEVICE_FAMILY = 1;
			};
			name = Release;
		};
/* End XCBuildConfiguration section */

/* Begin XCConfigurationList section */
		2C50F72528BFA41100F15D4B /* Build configuration list for PBXProject "Socialie" */ = {
			isa = XCConfigurationList;
			buildConfigurations = (
				2C50F73628BFA41200F15D4B /* Debug */,
				2C50F73728BFA41200F15D4B /* Release */,
			);
			defaultConfigurationIsVisible = 0;
			defaultConfigurationName = Release;
		};
		2C50F73828BFA41200F15D4B /* Build configuration list for PBXNativeTarget "Socialie" */ = {
			isa = XCConfigurationList;
			buildConfigurations = (
				2C50F73928BFA41200F15D4B /* Debug */,
				2C50F73A28BFA41200F15D4B /* Release */,
			);
			defaultConfigurationIsVisible = 0;
			defaultConfigurationName = Release;
		};
/* End XCConfigurationList section */
	};
	rootObject = 2C50F72228BFA41100F15D4B /* Project object */;
}
